
Microsoft Visual Studio Solution File, Format Version 12.00
# Visual Studio 15
VisualStudioVersion = 15.0.28010.2046
MinimumVisualStudioVersion = 10.0.40219.1
Project("{2150E333-8FDC-42A3-9474-1A3956D46DE8}") = "Docs", "Docs", "{D2932C7A-0DBE-468A-BB41-195C62AD438F}"
	ProjectSection(SolutionItems) = preProject
		Docs\_WSR2016_Skill09_marking_scheme.xlsx = Docs\_WSR2016_Skill09_marking_scheme.xlsx
		Docs\marathon-skills-2016-презентация.ppsx = Docs\marathon-skills-2016-презентация.ppsx
		Docs\marathon-skills-2016-презентация.pptx = Docs\marathon-skills-2016-презентация.pptx
		Docs\WSR2016_TP09_Введение.docx = Docs\WSR2016_TP09_Введение.docx
		Docs\WSR2016_TP09_С1.docx = Docs\WSR2016_TP09_С1.docx
		Docs\WSR2016_TP09_С2.docx = Docs\WSR2016_TP09_С2.docx
		Docs\WSR2016_TP09_С3.docx = Docs\WSR2016_TP09_С3.docx
		Docs\WSR2016_TP09_С4.docx = Docs\WSR2016_TP09_С4.docx
		Docs\WSR2016_TP09_С5.docx = Docs\WSR2016_TP09_С5.docx
		Docs\WSR2016_TP09_С6.docx = Docs\WSR2016_TP09_С6.docx
	EndProjectSection
EndProject
Project("{2150E333-8FDC-42A3-9474-1A3956D46DE8}") = "Ресурсы", "Ресурсы", "{C010CE09-0D94-4E67-8812-CE3734E4E36F}"
EndProject
Project("{2150E333-8FDC-42A3-9474-1A3956D46DE8}") = "1 сессия", "1 сессия", "{F4DA3947-3C34-4498-9360-16DB3667DFA7}"
	ProjectSection(SolutionItems) = preProject
		Docs\Ресурсы\1 сессия\marathon-skills-2016-database-mssql.sql = Docs\Ресурсы\1 сессия\marathon-skills-2016-database-mssql.sql
		Docs\Ресурсы\1 сессия\marathon-skills-2016-database-mysql.sql = Docs\Ресурсы\1 сессия\marathon-skills-2016-database-mysql.sql
		Docs\Ресурсы\1 сессия\marathon-skills-2016-testing-data-s1.docx = Docs\Ресурсы\1 сессия\marathon-skills-2016-testing-data-s1.docx
	EndProjectSection
EndProject
Project("{2150E333-8FDC-42A3-9474-1A3956D46DE8}") = "marathon-skills-2016-staff-import", "marathon-skills-2016-staff-import", "{76ABC0FF-0568-4207-BDAC-8B3AFF16E620}"
	ProjectSection(SolutionItems) = preProject
		Docs\Ресурсы\1 сессия\marathon-skills-2016-staff-import\marathon-skills-2016-staff-import.txt = Docs\Ресурсы\1 сессия\marathon-skills-2016-staff-import\marathon-skills-2016-staff-import.txt
		Docs\Ресурсы\1 сессия\marathon-skills-2016-staff-import\marathon-skills-2016-timesheet-import.txt = Docs\Ресурсы\1 сессия\marathon-skills-2016-staff-import\marathon-skills-2016-timesheet-import.txt
	EndProjectSection
EndProject
Project("{2150E333-8FDC-42A3-9474-1A3956D46DE8}") = "2 сессия", "2 сессия", "{A45ED7D3-3D5C-479B-ACA0-003C140D4470}"
	ProjectSection(SolutionItems) = preProject
		Docs\Ресурсы\2 сессия\cross-icon.png = Docs\Ресурсы\2 сессия\cross-icon.png
		Docs\Ресурсы\2 сессия\marathon-skills-2016-how-long-data.zip = Docs\Ресурсы\2 сессия\marathon-skills-2016-how-long-data.zip
		Docs\Ресурсы\2 сессия\marathon-skills-2016-how-long.mp4 = Docs\Ресурсы\2 сессия\marathon-skills-2016-how-long.mp4
		Docs\Ресурсы\2 сессия\marathon-skills-2016-marathon-info.txt = Docs\Ресурсы\2 сессия\marathon-skills-2016-marathon-info.txt
		Docs\Ресурсы\2 сессия\marathon-skills-2016-marathon-photos.zip = Docs\Ресурсы\2 сессия\marathon-skills-2016-marathon-photos.zip
		Docs\Ресурсы\2 сессия\marathon-skills-2016-testing-data-s2.docx = Docs\Ресурсы\2 сессия\marathon-skills-2016-testing-data-s2.docx
	EndProjectSection
EndProject
Project("{2150E333-8FDC-42A3-9474-1A3956D46DE8}") = "3 сессия", "3 сессия", "{25926F25-96EB-4FB6-B6EF-0C70E04588B4}"
	ProjectSection(SolutionItems) = preProject
		Docs\Ресурсы\3 сессия\marathon-skills-2016-interactive-map-data.zip = Docs\Ресурсы\3 сессия\marathon-skills-2016-interactive-map-data.zip
		Docs\Ресурсы\3 сессия\marathon-skills-2016-interactive-map.mp4 = Docs\Ресурсы\3 сессия\marathon-skills-2016-interactive-map.mp4
		Docs\Ресурсы\3 сессия\marathon-skills-2016-marathon-map.jpg = Docs\Ресурсы\3 сессия\marathon-skills-2016-marathon-map.jpg
		Docs\Ресурсы\3 сессия\marathon-skills-2016-volunteer-list.csv = Docs\Ресурсы\3 сессия\marathon-skills-2016-volunteer-list.csv
	EndProjectSection
EndProject
Project("{2150E333-8FDC-42A3-9474-1A3956D46DE8}") = "4 сессия", "4 сессия", "{FE176EAF-A3BA-4174-B277-56309C861529}"
	ProjectSection(SolutionItems) = preProject
		Docs\Ресурсы\4 сессия\marathon-skills-2016-bmi-icons.zip = Docs\Ресурсы\4 сессия\marathon-skills-2016-bmi-icons.zip
		Docs\Ресурсы\4 сессия\marathon-skills-2016-gender-icons.zip = Docs\Ресурсы\4 сессия\marathon-skills-2016-gender-icons.zip
		Docs\Ресурсы\4 сессия\marathon-skills-2016-testing-data-s4.pdf = Docs\Ресурсы\4 сессия\marathon-skills-2016-testing-data-s4.pdf
	EndProjectSection
EndProject
Project("{2150E333-8FDC-42A3-9474-1A3956D46DE8}") = "5 сессия", "5 сессия", "{6E0D11DD-0B45-4673-98FD-DFD68013F96D}"
	ProjectSection(SolutionItems) = preProject
		Docs\Ресурсы\5 сессия\marathon-skills-2014-certificate-seal.png = Docs\Ресурсы\5 сессия\marathon-skills-2014-certificate-seal.png
		Docs\Ресурсы\5 сессия\marathon-skills-2014-logo.png = Docs\Ресурсы\5 сессия\marathon-skills-2014-logo.png
		Docs\Ресурсы\5 сессия\marathon-skills-2016-meeting-agenda.docx = Docs\Ресурсы\5 сессия\marathon-skills-2016-meeting-agenda.docx
		Docs\Ресурсы\5 сессия\marathon-skills-2016-meeting-checklist.docx = Docs\Ресурсы\5 сессия\marathon-skills-2016-meeting-checklist.docx
		Docs\Ресурсы\5 сессия\marathon-skills-2016-status-icons.zip = Docs\Ресурсы\5 сессия\marathon-skills-2016-status-icons.zip
		Docs\Ресурсы\5 сессия\marathon-skills-2016-testing-data-s5.pdf = Docs\Ресурсы\5 сессия\marathon-skills-2016-testing-data-s5.pdf
		Docs\Ресурсы\5 сессия\marathon-skills-2016-testing-template.docx = Docs\Ресурсы\5 сессия\marathon-skills-2016-testing-template.docx
		Docs\Ресурсы\5 сессия\marathon-skills-database-design.docx = Docs\Ресурсы\5 сессия\marathon-skills-database-design.docx
	EndProjectSection
EndProject
Project("{2150E333-8FDC-42A3-9474-1A3956D46DE8}") = "6 сессия", "6 сессия", "{56CFFD55-4E15-4781-A4F9-E15EE898D3E2}"
	ProjectSection(SolutionItems) = preProject
		Docs\Ресурсы\6 сессия\marathon-skills-2016-testing-data-s6.docx = Docs\Ресурсы\6 сессия\marathon-skills-2016-testing-data-s6.docx
		Docs\Ресурсы\6 сессия\marathon-skills-2016-testing-template.docx = Docs\Ресурсы\6 сессия\marathon-skills-2016-testing-template.docx
		Docs\Ресурсы\6 сессия\marathon-skills-2016-мобильное.ppsx = Docs\Ресурсы\6 сессия\marathon-skills-2016-мобильное.ppsx
		Docs\Ресурсы\6 сессия\~$marathon-skills-2016-мобильное.ppsx = Docs\Ресурсы\6 сессия\~$marathon-skills-2016-мобильное.ppsx
	EndProjectSection
EndProject
Project("{2150E333-8FDC-42A3-9474-1A3956D46DE8}") = "Общие ресурсы", "Общие ресурсы", "{05002CBB-642C-4943-BF98-3A2BD29BE9D5}"
	ProjectSection(SolutionItems) = preProject
		Docs\Ресурсы\Общие ресурсы\_marathon-skills-2016-data dictionary.docx = Docs\Ресурсы\Общие ресурсы\_marathon-skills-2016-data dictionary.docx
		Docs\Ресурсы\Общие ресурсы\_marathon-skills-2016-use-case.vsdx = Docs\Ресурсы\Общие ресурсы\_marathon-skills-2016-use-case.vsdx
		Docs\Ресурсы\Общие ресурсы\marathon-skills-2016-charity-data.zip = Docs\Ресурсы\Общие ресурсы\marathon-skills-2016-charity-data.zip
		Docs\Ресурсы\Общие ресурсы\marathon-skills-2016-country-flags.zip = Docs\Ресурсы\Общие ресурсы\marathon-skills-2016-country-flags.zip
		Docs\Ресурсы\Общие ресурсы\marathon-skills-2016-data dictionary.pdf = Docs\Ресурсы\Общие ресурсы\marathon-skills-2016-data dictionary.pdf
		Docs\Ресурсы\Общие ресурсы\marathon-skills-2016-erd.pdf = Docs\Ресурсы\Общие ресурсы\marathon-skills-2016-erd.pdf
		Docs\Ресурсы\Общие ресурсы\marathon-skills-2016-use-case.pdf = Docs\Ресурсы\Общие ресурсы\marathon-skills-2016-use-case.pdf
		Docs\Ресурсы\Общие ресурсы\marathon-skills-2016-логотипы.zip = Docs\Ресурсы\Общие ресурсы\marathon-skills-2016-логотипы.zip
		Docs\Ресурсы\Общие ресурсы\marathon-skills-2016-презентация.ppsx = Docs\Ресурсы\Общие ресурсы\marathon-skills-2016-презентация.ppsx
		Docs\Ресурсы\Общие ресурсы\marathon-skills-2016_руководство_по_стилю.pdf = Docs\Ресурсы\Общие ресурсы\marathon-skills-2016_руководство_по_стилю.pdf
	EndProjectSection
EndProject
Project("{2150E333-8FDC-42A3-9474-1A3956D46DE8}") = "Src", "Src", "{14C48A43-F737-4B7D-B253-04B4E4BA6F1B}"
EndProject
Project("{2150E333-8FDC-42A3-9474-1A3956D46DE8}") = "Backend", "Backend", "{01E92318-0D4F-422C-82B8-70B1D374B8B0}"
EndProject
Project("{2150E333-8FDC-42A3-9474-1A3956D46DE8}") = "Frontend", "Frontend", "{BBA22E53-1C10-4F32-B5B6-CF938E1D22A7}"
EndProject
Project("{9A19103F-16F7-4668-BE54-9A1E7A4F7556}") = "Marathon.Domain", "Src\Marathon.Domain\Marathon.Domain.csproj", "{8921B64D-68BC-45F7-B0A0-A807642CCA09}"
EndProject
Project("{9A19103F-16F7-4668-BE54-9A1E7A4F7556}") = "Marathon.Persistence", "Src\Marathon.Persistence\Marathon.Persistence.csproj", "{67BD277D-0CAB-4F75-9A26-9762056EF54F}"
EndProject
Project("{9A19103F-16F7-4668-BE54-9A1E7A4F7556}") = "Marathon.API", "Src\Marathon.API\Marathon.API.csproj", "{17CFB0EC-734A-4AEE-90EE-3D17A81C8BD5}"
EndProject
Project("{2150E333-8FDC-42A3-9474-1A3956D46DE8}") = "Mobile", "Mobile", "{11D5B54D-427C-4578-83AB-6E41D0727520}"
EndProject
Project("{2150E333-8FDC-42A3-9474-1A3956D46DE8}") = "Web", "Web", "{FA6BC06A-C022-470D-91AD-F8DFC16527F2}"
EndProject
Project("{9A19103F-16F7-4668-BE54-9A1E7A4F7556}") = "Marathon.Mobile", "Src\Marathon.Mobile\Marathon.Mobile\Marathon.Mobile.csproj", "{728E1205-2DDC-470E-9C41-5FD338502A2F}"
EndProject
Project("{FAE04EC0-301F-11D3-BF4B-00C04F79EFBC}") = "Marathon.Mobile.Android", "Src\Marathon.Mobile\Marathon.Mobile.Android\Marathon.Mobile.Android.csproj", "{CF60E224-D56F-4F5A-908A-07BEAE6EDD66}"
EndProject
Project("{FAE04EC0-301F-11D3-BF4B-00C04F79EFBC}") = "Marathon.Mobile.iOS", "Src\Marathon.Mobile\Marathon.Mobile.iOS\Marathon.Mobile.iOS.csproj", "{09AEEEE4-0C8B-4847-8A72-5FACC4C8A7BC}"
EndProject
Project("{9A19103F-16F7-4668-BE54-9A1E7A4F7556}") = "Marathon.MVC", "Src\Marathon.MVC\Marathon.MVC.csproj", "{B9F4AE11-366B-4E1E-B1A4-5BCE6F42F99E}"
EndProject
Project("{9A19103F-16F7-4668-BE54-9A1E7A4F7556}") = "Marathon.SPA", "Src\Marathon.SPA\Marathon.SPA.csproj", "{558F8659-42D2-40C9-A314-1406877C1013}"
EndProject
Project("{9A19103F-16F7-4668-BE54-9A1E7A4F7556}") = "Marathon.Core", "Src\Marathon.Core\Marathon.Core.csproj", "{F5244D57-7173-49AB-8F69-1A84A55EBC77}"
EndProject
Project("{FAE04EC0-301F-11D3-BF4B-00C04F79EFBC}") = "Marathon.Desktop", "Src\Marathon.Desktop\Marathon.Desktop.csproj", "{B640BEC8-E364-4680-B903-8ABF4761088F}"
EndProject
Project("{2150E333-8FDC-42A3-9474-1A3956D46DE8}") = "Tests", "Tests", "{775B3448-49F7-4769-85EC-8E6069C8660A}"
EndProject
Project("{FAE04EC0-301F-11D3-BF4B-00C04F79EFBC}") = "Marathon.API.Tests", "Tests\Marathon.API.Tests\Marathon.API.Tests.csproj", "{224DF034-688B-4AA3-8020-44676CBAA1D4}"
EndProject
Project("{2150E333-8FDC-42A3-9474-1A3956D46DE8}") = "Backend", "Backend", "{48C5D64F-771C-4D26-8D6F-81E8DA37B7AD}"
EndProject
Project("{2150E333-8FDC-42A3-9474-1A3956D46DE8}") = "Frontend", "Frontend", "{C91004EA-8BE0-48E9-8AB5-57D894500EEB}"
EndProject
Project("{FAE04EC0-301F-11D3-BF4B-00C04F79EFBC}") = "Marathon.Persistence.Tests", "Tests\Marathon.Persistence.Tests\Marathon.Persistence.Tests.csproj", "{A7AF1E86-A2EA-4D9B-9325-4730FA21EB8F}"
EndProject
Project("{FAE04EC0-301F-11D3-BF4B-00C04F79EFBC}") = "Marathon.Core.Tests", "Tests\Marathon.Core.Tests\Marathon.Core.Tests.csproj", "{08AA97C5-D94E-4F65-88B1-9B418C673C69}"
EndProject
Project("{FAE04EC0-301F-11D3-BF4B-00C04F79EFBC}") = "Marathon.MVC.Tests", "Tests\Marathon.MVC.Tests\Marathon.MVC.Tests.csproj", "{15F39408-627C-4CF0-82EE-16A436FB85E3}"
EndProject
Project("{FAE04EC0-301F-11D3-BF4B-00C04F79EFBC}") = "Marathon.SPA.Tests", "Tests\Marathon.SPA.Tests\Marathon.SPA.Tests.csproj", "{0867FACC-A84A-49BC-B460-27FEDA795F2D}"
EndProject
Global
	GlobalSection(SolutionConfigurationPlatforms) = preSolution
		Ad-Hoc|Any CPU = Ad-Hoc|Any CPU
		Ad-Hoc|iPhone = Ad-Hoc|iPhone
		Ad-Hoc|iPhoneSimulator = Ad-Hoc|iPhoneSimulator
		AppStore|Any CPU = AppStore|Any CPU
		AppStore|iPhone = AppStore|iPhone
		AppStore|iPhoneSimulator = AppStore|iPhoneSimulator
		Debug|Any CPU = Debug|Any CPU
		Debug|iPhone = Debug|iPhone
		Debug|iPhoneSimulator = Debug|iPhoneSimulator
		Release|Any CPU = Release|Any CPU
		Release|iPhone = Release|iPhone
		Release|iPhoneSimulator = Release|iPhoneSimulator
	EndGlobalSection
	GlobalSection(ProjectConfigurationPlatforms) = postSolution
		{8921B64D-68BC-45F7-B0A0-A807642CCA09}.Ad-Hoc|Any CPU.ActiveCfg = Debug|Any CPU
		{8921B64D-68BC-45F7-B0A0-A807642CCA09}.Ad-Hoc|Any CPU.Build.0 = Debug|Any CPU
		{8921B64D-68BC-45F7-B0A0-A807642CCA09}.Ad-Hoc|iPhone.ActiveCfg = Debug|Any CPU
		{8921B64D-68BC-45F7-B0A0-A807642CCA09}.Ad-Hoc|iPhone.Build.0 = Debug|Any CPU
		{8921B64D-68BC-45F7-B0A0-A807642CCA09}.Ad-Hoc|iPhoneSimulator.ActiveCfg = Debug|Any CPU
		{8921B64D-68BC-45F7-B0A0-A807642CCA09}.Ad-Hoc|iPhoneSimulator.Build.0 = Debug|Any CPU
		{8921B64D-68BC-45F7-B0A0-A807642CCA09}.AppStore|Any CPU.ActiveCfg = Debug|Any CPU
		{8921B64D-68BC-45F7-B0A0-A807642CCA09}.AppStore|Any CPU.Build.0 = Debug|Any CPU
		{8921B64D-68BC-45F7-B0A0-A807642CCA09}.AppStore|iPhone.ActiveCfg = Debug|Any CPU
		{8921B64D-68BC-45F7-B0A0-A807642CCA09}.AppStore|iPhone.Build.0 = Debug|Any CPU
		{8921B64D-68BC-45F7-B0A0-A807642CCA09}.AppStore|iPhoneSimulator.ActiveCfg = Debug|Any CPU
		{8921B64D-68BC-45F7-B0A0-A807642CCA09}.AppStore|iPhoneSimulator.Build.0 = Debug|Any CPU
		{8921B64D-68BC-45F7-B0A0-A807642CCA09}.Debug|Any CPU.ActiveCfg = Debug|Any CPU
		{8921B64D-68BC-45F7-B0A0-A807642CCA09}.Debug|Any CPU.Build.0 = Debug|Any CPU
		{8921B64D-68BC-45F7-B0A0-A807642CCA09}.Debug|iPhone.ActiveCfg = Debug|Any CPU
		{8921B64D-68BC-45F7-B0A0-A807642CCA09}.Debug|iPhone.Build.0 = Debug|Any CPU
		{8921B64D-68BC-45F7-B0A0-A807642CCA09}.Debug|iPhoneSimulator.ActiveCfg = Debug|Any CPU
		{8921B64D-68BC-45F7-B0A0-A807642CCA09}.Debug|iPhoneSimulator.Build.0 = Debug|Any CPU
		{8921B64D-68BC-45F7-B0A0-A807642CCA09}.Release|Any CPU.ActiveCfg = Release|Any CPU
		{8921B64D-68BC-45F7-B0A0-A807642CCA09}.Release|Any CPU.Build.0 = Release|Any CPU
		{8921B64D-68BC-45F7-B0A0-A807642CCA09}.Release|iPhone.ActiveCfg = Release|Any CPU
		{8921B64D-68BC-45F7-B0A0-A807642CCA09}.Release|iPhone.Build.0 = Release|Any CPU
		{8921B64D-68BC-45F7-B0A0-A807642CCA09}.Release|iPhoneSimulator.ActiveCfg = Release|Any CPU
		{8921B64D-68BC-45F7-B0A0-A807642CCA09}.Release|iPhoneSimulator.Build.0 = Release|Any CPU
		{67BD277D-0CAB-4F75-9A26-9762056EF54F}.Ad-Hoc|Any CPU.ActiveCfg = Debug|Any CPU
		{67BD277D-0CAB-4F75-9A26-9762056EF54F}.Ad-Hoc|Any CPU.Build.0 = Debug|Any CPU
		{67BD277D-0CAB-4F75-9A26-9762056EF54F}.Ad-Hoc|iPhone.ActiveCfg = Debug|Any CPU
		{67BD277D-0CAB-4F75-9A26-9762056EF54F}.Ad-Hoc|iPhone.Build.0 = Debug|Any CPU
		{67BD277D-0CAB-4F75-9A26-9762056EF54F}.Ad-Hoc|iPhoneSimulator.ActiveCfg = Debug|Any CPU
		{67BD277D-0CAB-4F75-9A26-9762056EF54F}.Ad-Hoc|iPhoneSimulator.Build.0 = Debug|Any CPU
		{67BD277D-0CAB-4F75-9A26-9762056EF54F}.AppStore|Any CPU.ActiveCfg = Debug|Any CPU
		{67BD277D-0CAB-4F75-9A26-9762056EF54F}.AppStore|Any CPU.Build.0 = Debug|Any CPU
		{67BD277D-0CAB-4F75-9A26-9762056EF54F}.AppStore|iPhone.ActiveCfg = Debug|Any CPU
		{67BD277D-0CAB-4F75-9A26-9762056EF54F}.AppStore|iPhone.Build.0 = Debug|Any CPU
		{67BD277D-0CAB-4F75-9A26-9762056EF54F}.AppStore|iPhoneSimulator.ActiveCfg = Debug|Any CPU
		{67BD277D-0CAB-4F75-9A26-9762056EF54F}.AppStore|iPhoneSimulator.Build.0 = Debug|Any CPU
		{67BD277D-0CAB-4F75-9A26-9762056EF54F}.Debug|Any CPU.ActiveCfg = Debug|Any CPU
		{67BD277D-0CAB-4F75-9A26-9762056EF54F}.Debug|Any CPU.Build.0 = Debug|Any CPU
		{67BD277D-0CAB-4F75-9A26-9762056EF54F}.Debug|iPhone.ActiveCfg = Debug|Any CPU
		{67BD277D-0CAB-4F75-9A26-9762056EF54F}.Debug|iPhone.Build.0 = Debug|Any CPU
		{67BD277D-0CAB-4F75-9A26-9762056EF54F}.Debug|iPhoneSimulator.ActiveCfg = Debug|Any CPU
		{67BD277D-0CAB-4F75-9A26-9762056EF54F}.Debug|iPhoneSimulator.Build.0 = Debug|Any CPU
		{67BD277D-0CAB-4F75-9A26-9762056EF54F}.Release|Any CPU.ActiveCfg = Release|Any CPU
		{67BD277D-0CAB-4F75-9A26-9762056EF54F}.Release|Any CPU.Build.0 = Release|Any CPU
		{67BD277D-0CAB-4F75-9A26-9762056EF54F}.Release|iPhone.ActiveCfg = Release|Any CPU
		{67BD277D-0CAB-4F75-9A26-9762056EF54F}.Release|iPhone.Build.0 = Release|Any CPU
		{67BD277D-0CAB-4F75-9A26-9762056EF54F}.Release|iPhoneSimulator.ActiveCfg = Release|Any CPU
		{67BD277D-0CAB-4F75-9A26-9762056EF54F}.Release|iPhoneSimulator.Build.0 = Release|Any CPU
		{17CFB0EC-734A-4AEE-90EE-3D17A81C8BD5}.Ad-Hoc|Any CPU.ActiveCfg = Debug|Any CPU
		{17CFB0EC-734A-4AEE-90EE-3D17A81C8BD5}.Ad-Hoc|Any CPU.Build.0 = Debug|Any CPU
		{17CFB0EC-734A-4AEE-90EE-3D17A81C8BD5}.Ad-Hoc|iPhone.ActiveCfg = Debug|Any CPU
		{17CFB0EC-734A-4AEE-90EE-3D17A81C8BD5}.Ad-Hoc|iPhone.Build.0 = Debug|Any CPU
		{17CFB0EC-734A-4AEE-90EE-3D17A81C8BD5}.Ad-Hoc|iPhoneSimulator.ActiveCfg = Debug|Any CPU
		{17CFB0EC-734A-4AEE-90EE-3D17A81C8BD5}.Ad-Hoc|iPhoneSimulator.Build.0 = Debug|Any CPU
		{17CFB0EC-734A-4AEE-90EE-3D17A81C8BD5}.AppStore|Any CPU.ActiveCfg = Debug|Any CPU
		{17CFB0EC-734A-4AEE-90EE-3D17A81C8BD5}.AppStore|Any CPU.Build.0 = Debug|Any CPU
		{17CFB0EC-734A-4AEE-90EE-3D17A81C8BD5}.AppStore|iPhone.ActiveCfg = Debug|Any CPU
		{17CFB0EC-734A-4AEE-90EE-3D17A81C8BD5}.AppStore|iPhone.Build.0 = Debug|Any CPU
		{17CFB0EC-734A-4AEE-90EE-3D17A81C8BD5}.AppStore|iPhoneSimulator.ActiveCfg = Debug|Any CPU
		{17CFB0EC-734A-4AEE-90EE-3D17A81C8BD5}.AppStore|iPhoneSimulator.Build.0 = Debug|Any CPU
		{17CFB0EC-734A-4AEE-90EE-3D17A81C8BD5}.Debug|Any CPU.ActiveCfg = Debug|Any CPU
		{17CFB0EC-734A-4AEE-90EE-3D17A81C8BD5}.Debug|Any CPU.Build.0 = Debug|Any CPU
		{17CFB0EC-734A-4AEE-90EE-3D17A81C8BD5}.Debug|iPhone.ActiveCfg = Debug|Any CPU
		{17CFB0EC-734A-4AEE-90EE-3D17A81C8BD5}.Debug|iPhone.Build.0 = Debug|Any CPU
		{17CFB0EC-734A-4AEE-90EE-3D17A81C8BD5}.Debug|iPhoneSimulator.ActiveCfg = Debug|Any CPU
		{17CFB0EC-734A-4AEE-90EE-3D17A81C8BD5}.Debug|iPhoneSimulator.Build.0 = Debug|Any CPU
		{17CFB0EC-734A-4AEE-90EE-3D17A81C8BD5}.Release|Any CPU.ActiveCfg = Release|Any CPU
		{17CFB0EC-734A-4AEE-90EE-3D17A81C8BD5}.Release|Any CPU.Build.0 = Release|Any CPU
		{17CFB0EC-734A-4AEE-90EE-3D17A81C8BD5}.Release|iPhone.ActiveCfg = Release|Any CPU
		{17CFB0EC-734A-4AEE-90EE-3D17A81C8BD5}.Release|iPhone.Build.0 = Release|Any CPU
		{17CFB0EC-734A-4AEE-90EE-3D17A81C8BD5}.Release|iPhoneSimulator.ActiveCfg = Release|Any CPU
		{17CFB0EC-734A-4AEE-90EE-3D17A81C8BD5}.Release|iPhoneSimulator.Build.0 = Release|Any CPU
		{728E1205-2DDC-470E-9C41-5FD338502A2F}.Ad-Hoc|Any CPU.ActiveCfg = Debug|Any CPU
		{728E1205-2DDC-470E-9C41-5FD338502A2F}.Ad-Hoc|Any CPU.Build.0 = Debug|Any CPU
		{728E1205-2DDC-470E-9C41-5FD338502A2F}.Ad-Hoc|iPhone.ActiveCfg = Debug|Any CPU
		{728E1205-2DDC-470E-9C41-5FD338502A2F}.Ad-Hoc|iPhone.Build.0 = Debug|Any CPU
		{728E1205-2DDC-470E-9C41-5FD338502A2F}.Ad-Hoc|iPhoneSimulator.ActiveCfg = Debug|Any CPU
		{728E1205-2DDC-470E-9C41-5FD338502A2F}.Ad-Hoc|iPhoneSimulator.Build.0 = Debug|Any CPU
		{728E1205-2DDC-470E-9C41-5FD338502A2F}.AppStore|Any CPU.ActiveCfg = Debug|Any CPU
		{728E1205-2DDC-470E-9C41-5FD338502A2F}.AppStore|Any CPU.Build.0 = Debug|Any CPU
		{728E1205-2DDC-470E-9C41-5FD338502A2F}.AppStore|iPhone.ActiveCfg = Debug|Any CPU
		{728E1205-2DDC-470E-9C41-5FD338502A2F}.AppStore|iPhone.Build.0 = Debug|Any CPU
		{728E1205-2DDC-470E-9C41-5FD338502A2F}.AppStore|iPhoneSimulator.ActiveCfg = Debug|Any CPU
		{728E1205-2DDC-470E-9C41-5FD338502A2F}.AppStore|iPhoneSimulator.Build.0 = Debug|Any CPU
		{728E1205-2DDC-470E-9C41-5FD338502A2F}.Debug|Any CPU.ActiveCfg = Debug|Any CPU
		{728E1205-2DDC-470E-9C41-5FD338502A2F}.Debug|Any CPU.Build.0 = Debug|Any CPU
		{728E1205-2DDC-470E-9C41-5FD338502A2F}.Debug|iPhone.ActiveCfg = Debug|Any CPU
		{728E1205-2DDC-470E-9C41-5FD338502A2F}.Debug|iPhone.Build.0 = Debug|Any CPU
		{728E1205-2DDC-470E-9C41-5FD338502A2F}.Debug|iPhoneSimulator.ActiveCfg = Debug|Any CPU
		{728E1205-2DDC-470E-9C41-5FD338502A2F}.Debug|iPhoneSimulator.Build.0 = Debug|Any CPU
		{728E1205-2DDC-470E-9C41-5FD338502A2F}.Release|Any CPU.ActiveCfg = Release|Any CPU
		{728E1205-2DDC-470E-9C41-5FD338502A2F}.Release|Any CPU.Build.0 = Release|Any CPU
		{728E1205-2DDC-470E-9C41-5FD338502A2F}.Release|iPhone.ActiveCfg = Release|Any CPU
		{728E1205-2DDC-470E-9C41-5FD338502A2F}.Release|iPhone.Build.0 = Release|Any CPU
		{728E1205-2DDC-470E-9C41-5FD338502A2F}.Release|iPhoneSimulator.ActiveCfg = Release|Any CPU
		{728E1205-2DDC-470E-9C41-5FD338502A2F}.Release|iPhoneSimulator.Build.0 = Release|Any CPU
		{CF60E224-D56F-4F5A-908A-07BEAE6EDD66}.Ad-Hoc|Any CPU.ActiveCfg = Release|Any CPU
		{CF60E224-D56F-4F5A-908A-07BEAE6EDD66}.Ad-Hoc|Any CPU.Build.0 = Release|Any CPU
		{CF60E224-D56F-4F5A-908A-07BEAE6EDD66}.Ad-Hoc|Any CPU.Deploy.0 = Release|Any CPU
		{CF60E224-D56F-4F5A-908A-07BEAE6EDD66}.Ad-Hoc|iPhone.ActiveCfg = Release|Any CPU
		{CF60E224-D56F-4F5A-908A-07BEAE6EDD66}.Ad-Hoc|iPhone.Build.0 = Release|Any CPU
		{CF60E224-D56F-4F5A-908A-07BEAE6EDD66}.Ad-Hoc|iPhone.Deploy.0 = Release|Any CPU
		{CF60E224-D56F-4F5A-908A-07BEAE6EDD66}.Ad-Hoc|iPhoneSimulator.ActiveCfg = Release|Any CPU
		{CF60E224-D56F-4F5A-908A-07BEAE6EDD66}.Ad-Hoc|iPhoneSimulator.Build.0 = Release|Any CPU
		{CF60E224-D56F-4F5A-908A-07BEAE6EDD66}.Ad-Hoc|iPhoneSimulator.Deploy.0 = Release|Any CPU
		{CF60E224-D56F-4F5A-908A-07BEAE6EDD66}.AppStore|Any CPU.ActiveCfg = Release|Any CPU
		{CF60E224-D56F-4F5A-908A-07BEAE6EDD66}.AppStore|Any CPU.Build.0 = Release|Any CPU
		{CF60E224-D56F-4F5A-908A-07BEAE6EDD66}.AppStore|Any CPU.Deploy.0 = Release|Any CPU
		{CF60E224-D56F-4F5A-908A-07BEAE6EDD66}.AppStore|iPhone.ActiveCfg = Release|Any CPU
		{CF60E224-D56F-4F5A-908A-07BEAE6EDD66}.AppStore|iPhone.Build.0 = Release|Any CPU
		{CF60E224-D56F-4F5A-908A-07BEAE6EDD66}.AppStore|iPhone.Deploy.0 = Release|Any CPU
		{CF60E224-D56F-4F5A-908A-07BEAE6EDD66}.AppStore|iPhoneSimulator.ActiveCfg = Release|Any CPU
		{CF60E224-D56F-4F5A-908A-07BEAE6EDD66}.AppStore|iPhoneSimulator.Build.0 = Release|Any CPU
		{CF60E224-D56F-4F5A-908A-07BEAE6EDD66}.AppStore|iPhoneSimulator.Deploy.0 = Release|Any CPU
		{CF60E224-D56F-4F5A-908A-07BEAE6EDD66}.Debug|Any CPU.ActiveCfg = Debug|Any CPU
		{CF60E224-D56F-4F5A-908A-07BEAE6EDD66}.Debug|Any CPU.Build.0 = Debug|Any CPU
		{CF60E224-D56F-4F5A-908A-07BEAE6EDD66}.Debug|Any CPU.Deploy.0 = Debug|Any CPU
		{CF60E224-D56F-4F5A-908A-07BEAE6EDD66}.Debug|iPhone.ActiveCfg = Debug|Any CPU
		{CF60E224-D56F-4F5A-908A-07BEAE6EDD66}.Debug|iPhone.Build.0 = Debug|Any CPU
		{CF60E224-D56F-4F5A-908A-07BEAE6EDD66}.Debug|iPhone.Deploy.0 = Debug|Any CPU
		{CF60E224-D56F-4F5A-908A-07BEAE6EDD66}.Debug|iPhoneSimulator.ActiveCfg = Debug|Any CPU
		{CF60E224-D56F-4F5A-908A-07BEAE6EDD66}.Debug|iPhoneSimulator.Build.0 = Debug|Any CPU
		{CF60E224-D56F-4F5A-908A-07BEAE6EDD66}.Debug|iPhoneSimulator.Deploy.0 = Debug|Any CPU
		{CF60E224-D56F-4F5A-908A-07BEAE6EDD66}.Release|Any CPU.ActiveCfg = Release|Any CPU
		{CF60E224-D56F-4F5A-908A-07BEAE6EDD66}.Release|Any CPU.Build.0 = Release|Any CPU
		{CF60E224-D56F-4F5A-908A-07BEAE6EDD66}.Release|Any CPU.Deploy.0 = Release|Any CPU
		{CF60E224-D56F-4F5A-908A-07BEAE6EDD66}.Release|iPhone.ActiveCfg = Release|Any CPU
		{CF60E224-D56F-4F5A-908A-07BEAE6EDD66}.Release|iPhone.Build.0 = Release|Any CPU
		{CF60E224-D56F-4F5A-908A-07BEAE6EDD66}.Release|iPhone.Deploy.0 = Release|Any CPU
		{CF60E224-D56F-4F5A-908A-07BEAE6EDD66}.Release|iPhoneSimulator.ActiveCfg = Release|Any CPU
		{CF60E224-D56F-4F5A-908A-07BEAE6EDD66}.Release|iPhoneSimulator.Build.0 = Release|Any CPU
		{CF60E224-D56F-4F5A-908A-07BEAE6EDD66}.Release|iPhoneSimulator.Deploy.0 = Release|Any CPU
		{09AEEEE4-0C8B-4847-8A72-5FACC4C8A7BC}.Ad-Hoc|Any CPU.ActiveCfg = Ad-Hoc|iPhone
		{09AEEEE4-0C8B-4847-8A72-5FACC4C8A7BC}.Ad-Hoc|iPhone.ActiveCfg = Ad-Hoc|iPhone
		{09AEEEE4-0C8B-4847-8A72-5FACC4C8A7BC}.Ad-Hoc|iPhone.Build.0 = Ad-Hoc|iPhone
		{09AEEEE4-0C8B-4847-8A72-5FACC4C8A7BC}.Ad-Hoc|iPhoneSimulator.ActiveCfg = Ad-Hoc|iPhoneSimulator
		{09AEEEE4-0C8B-4847-8A72-5FACC4C8A7BC}.Ad-Hoc|iPhoneSimulator.Build.0 = Ad-Hoc|iPhoneSimulator
		{09AEEEE4-0C8B-4847-8A72-5FACC4C8A7BC}.AppStore|Any CPU.ActiveCfg = AppStore|iPhone
		{09AEEEE4-0C8B-4847-8A72-5FACC4C8A7BC}.AppStore|iPhone.ActiveCfg = AppStore|iPhone
		{09AEEEE4-0C8B-4847-8A72-5FACC4C8A7BC}.AppStore|iPhone.Build.0 = AppStore|iPhone
		{09AEEEE4-0C8B-4847-8A72-5FACC4C8A7BC}.AppStore|iPhoneSimulator.ActiveCfg = AppStore|iPhoneSimulator
		{09AEEEE4-0C8B-4847-8A72-5FACC4C8A7BC}.AppStore|iPhoneSimulator.Build.0 = AppStore|iPhoneSimulator
		{09AEEEE4-0C8B-4847-8A72-5FACC4C8A7BC}.Debug|Any CPU.ActiveCfg = Debug|iPhone
		{09AEEEE4-0C8B-4847-8A72-5FACC4C8A7BC}.Debug|iPhone.ActiveCfg = Debug|iPhone
		{09AEEEE4-0C8B-4847-8A72-5FACC4C8A7BC}.Debug|iPhone.Build.0 = Debug|iPhone
		{09AEEEE4-0C8B-4847-8A72-5FACC4C8A7BC}.Debug|iPhoneSimulator.ActiveCfg = Debug|iPhoneSimulator
		{09AEEEE4-0C8B-4847-8A72-5FACC4C8A7BC}.Debug|iPhoneSimulator.Build.0 = Debug|iPhoneSimulator
		{09AEEEE4-0C8B-4847-8A72-5FACC4C8A7BC}.Release|Any CPU.ActiveCfg = Release|iPhone
		{09AEEEE4-0C8B-4847-8A72-5FACC4C8A7BC}.Release|iPhone.ActiveCfg = Release|iPhone
		{09AEEEE4-0C8B-4847-8A72-5FACC4C8A7BC}.Release|iPhone.Build.0 = Release|iPhone
		{09AEEEE4-0C8B-4847-8A72-5FACC4C8A7BC}.Release|iPhoneSimulator.ActiveCfg = Release|iPhoneSimulator
		{09AEEEE4-0C8B-4847-8A72-5FACC4C8A7BC}.Release|iPhoneSimulator.Build.0 = Release|iPhoneSimulator
		{B9F4AE11-366B-4E1E-B1A4-5BCE6F42F99E}.Ad-Hoc|Any CPU.ActiveCfg = Debug|Any CPU
		{B9F4AE11-366B-4E1E-B1A4-5BCE6F42F99E}.Ad-Hoc|Any CPU.Build.0 = Debug|Any CPU
		{B9F4AE11-366B-4E1E-B1A4-5BCE6F42F99E}.Ad-Hoc|iPhone.ActiveCfg = Debug|Any CPU
		{B9F4AE11-366B-4E1E-B1A4-5BCE6F42F99E}.Ad-Hoc|iPhone.Build.0 = Debug|Any CPU
		{B9F4AE11-366B-4E1E-B1A4-5BCE6F42F99E}.Ad-Hoc|iPhoneSimulator.ActiveCfg = Debug|Any CPU
		{B9F4AE11-366B-4E1E-B1A4-5BCE6F42F99E}.Ad-Hoc|iPhoneSimulator.Build.0 = Debug|Any CPU
		{B9F4AE11-366B-4E1E-B1A4-5BCE6F42F99E}.AppStore|Any CPU.ActiveCfg = Debug|Any CPU
		{B9F4AE11-366B-4E1E-B1A4-5BCE6F42F99E}.AppStore|Any CPU.Build.0 = Debug|Any CPU
		{B9F4AE11-366B-4E1E-B1A4-5BCE6F42F99E}.AppStore|iPhone.ActiveCfg = Debug|Any CPU
		{B9F4AE11-366B-4E1E-B1A4-5BCE6F42F99E}.AppStore|iPhone.Build.0 = Debug|Any CPU
		{B9F4AE11-366B-4E1E-B1A4-5BCE6F42F99E}.AppStore|iPhoneSimulator.ActiveCfg = Debug|Any CPU
		{B9F4AE11-366B-4E1E-B1A4-5BCE6F42F99E}.AppStore|iPhoneSimulator.Build.0 = Debug|Any CPU
		{B9F4AE11-366B-4E1E-B1A4-5BCE6F42F99E}.Debug|Any CPU.ActiveCfg = Debug|Any CPU
		{B9F4AE11-366B-4E1E-B1A4-5BCE6F42F99E}.Debug|Any CPU.Build.0 = Debug|Any CPU
		{B9F4AE11-366B-4E1E-B1A4-5BCE6F42F99E}.Debug|iPhone.ActiveCfg = Debug|Any CPU
		{B9F4AE11-366B-4E1E-B1A4-5BCE6F42F99E}.Debug|iPhone.Build.0 = Debug|Any CPU
		{B9F4AE11-366B-4E1E-B1A4-5BCE6F42F99E}.Debug|iPhoneSimulator.ActiveCfg = Debug|Any CPU
		{B9F4AE11-366B-4E1E-B1A4-5BCE6F42F99E}.Debug|iPhoneSimulator.Build.0 = Debug|Any CPU
		{B9F4AE11-366B-4E1E-B1A4-5BCE6F42F99E}.Release|Any CPU.ActiveCfg = Release|Any CPU
		{B9F4AE11-366B-4E1E-B1A4-5BCE6F42F99E}.Release|Any CPU.Build.0 = Release|Any CPU
		{B9F4AE11-366B-4E1E-B1A4-5BCE6F42F99E}.Release|iPhone.ActiveCfg = Release|Any CPU
		{B9F4AE11-366B-4E1E-B1A4-5BCE6F42F99E}.Release|iPhone.Build.0 = Release|Any CPU
		{B9F4AE11-366B-4E1E-B1A4-5BCE6F42F99E}.Release|iPhoneSimulator.ActiveCfg = Release|Any CPU
		{B9F4AE11-366B-4E1E-B1A4-5BCE6F42F99E}.Release|iPhoneSimulator.Build.0 = Release|Any CPU
		{558F8659-42D2-40C9-A314-1406877C1013}.Ad-Hoc|Any CPU.ActiveCfg = Debug|Any CPU
		{558F8659-42D2-40C9-A314-1406877C1013}.Ad-Hoc|Any CPU.Build.0 = Debug|Any CPU
		{558F8659-42D2-40C9-A314-1406877C1013}.Ad-Hoc|iPhone.ActiveCfg = Debug|Any CPU
		{558F8659-42D2-40C9-A314-1406877C1013}.Ad-Hoc|iPhone.Build.0 = Debug|Any CPU
		{558F8659-42D2-40C9-A314-1406877C1013}.Ad-Hoc|iPhoneSimulator.ActiveCfg = Debug|Any CPU
		{558F8659-42D2-40C9-A314-1406877C1013}.Ad-Hoc|iPhoneSimulator.Build.0 = Debug|Any CPU
		{558F8659-42D2-40C9-A314-1406877C1013}.AppStore|Any CPU.ActiveCfg = Debug|Any CPU
		{558F8659-42D2-40C9-A314-1406877C1013}.AppStore|Any CPU.Build.0 = Debug|Any CPU
		{558F8659-42D2-40C9-A314-1406877C1013}.AppStore|iPhone.ActiveCfg = Debug|Any CPU
		{558F8659-42D2-40C9-A314-1406877C1013}.AppStore|iPhone.Build.0 = Debug|Any CPU
		{558F8659-42D2-40C9-A314-1406877C1013}.AppStore|iPhoneSimulator.ActiveCfg = Debug|Any CPU
		{558F8659-42D2-40C9-A314-1406877C1013}.AppStore|iPhoneSimulator.Build.0 = Debug|Any CPU
		{558F8659-42D2-40C9-A314-1406877C1013}.Debug|Any CPU.ActiveCfg = Debug|Any CPU
		{558F8659-42D2-40C9-A314-1406877C1013}.Debug|Any CPU.Build.0 = Debug|Any CPU
		{558F8659-42D2-40C9-A314-1406877C1013}.Debug|iPhone.ActiveCfg = Debug|Any CPU
		{558F8659-42D2-40C9-A314-1406877C1013}.Debug|iPhone.Build.0 = Debug|Any CPU
		{558F8659-42D2-40C9-A314-1406877C1013}.Debug|iPhoneSimulator.ActiveCfg = Debug|Any CPU
		{558F8659-42D2-40C9-A314-1406877C1013}.Debug|iPhoneSimulator.Build.0 = Debug|Any CPU
		{558F8659-42D2-40C9-A314-1406877C1013}.Release|Any CPU.ActiveCfg = Release|Any CPU
		{558F8659-42D2-40C9-A314-1406877C1013}.Release|Any CPU.Build.0 = Release|Any CPU
		{558F8659-42D2-40C9-A314-1406877C1013}.Release|iPhone.ActiveCfg = Release|Any CPU
		{558F8659-42D2-40C9-A314-1406877C1013}.Release|iPhone.Build.0 = Release|Any CPU
		{558F8659-42D2-40C9-A314-1406877C1013}.Release|iPhoneSimulator.ActiveCfg = Release|Any CPU
		{558F8659-42D2-40C9-A314-1406877C1013}.Release|iPhoneSimulator.Build.0 = Release|Any CPU
		{F5244D57-7173-49AB-8F69-1A84A55EBC77}.Ad-Hoc|Any CPU.ActiveCfg = Debug|Any CPU
		{F5244D57-7173-49AB-8F69-1A84A55EBC77}.Ad-Hoc|Any CPU.Build.0 = Debug|Any CPU
		{F5244D57-7173-49AB-8F69-1A84A55EBC77}.Ad-Hoc|iPhone.ActiveCfg = Debug|Any CPU
		{F5244D57-7173-49AB-8F69-1A84A55EBC77}.Ad-Hoc|iPhone.Build.0 = Debug|Any CPU
		{F5244D57-7173-49AB-8F69-1A84A55EBC77}.Ad-Hoc|iPhoneSimulator.ActiveCfg = Debug|Any CPU
		{F5244D57-7173-49AB-8F69-1A84A55EBC77}.Ad-Hoc|iPhoneSimulator.Build.0 = Debug|Any CPU
		{F5244D57-7173-49AB-8F69-1A84A55EBC77}.AppStore|Any CPU.ActiveCfg = Debug|Any CPU
		{F5244D57-7173-49AB-8F69-1A84A55EBC77}.AppStore|Any CPU.Build.0 = Debug|Any CPU
		{F5244D57-7173-49AB-8F69-1A84A55EBC77}.AppStore|iPhone.ActiveCfg = Debug|Any CPU
		{F5244D57-7173-49AB-8F69-1A84A55EBC77}.AppStore|iPhone.Build.0 = Debug|Any CPU
		{F5244D57-7173-49AB-8F69-1A84A55EBC77}.AppStore|iPhoneSimulator.ActiveCfg = Debug|Any CPU
		{F5244D57-7173-49AB-8F69-1A84A55EBC77}.AppStore|iPhoneSimulator.Build.0 = Debug|Any CPU
		{F5244D57-7173-49AB-8F69-1A84A55EBC77}.Debug|Any CPU.ActiveCfg = Debug|Any CPU
		{F5244D57-7173-49AB-8F69-1A84A55EBC77}.Debug|Any CPU.Build.0 = Debug|Any CPU
		{F5244D57-7173-49AB-8F69-1A84A55EBC77}.Debug|iPhone.ActiveCfg = Debug|Any CPU
		{F5244D57-7173-49AB-8F69-1A84A55EBC77}.Debug|iPhone.Build.0 = Debug|Any CPU
		{F5244D57-7173-49AB-8F69-1A84A55EBC77}.Debug|iPhoneSimulator.ActiveCfg = Debug|Any CPU
		{F5244D57-7173-49AB-8F69-1A84A55EBC77}.Debug|iPhoneSimulator.Build.0 = Debug|Any CPU
		{F5244D57-7173-49AB-8F69-1A84A55EBC77}.Release|Any CPU.ActiveCfg = Release|Any CPU
		{F5244D57-7173-49AB-8F69-1A84A55EBC77}.Release|Any CPU.Build.0 = Release|Any CPU
		{F5244D57-7173-49AB-8F69-1A84A55EBC77}.Release|iPhone.ActiveCfg = Release|Any CPU
		{F5244D57-7173-49AB-8F69-1A84A55EBC77}.Release|iPhone.Build.0 = Release|Any CPU
		{F5244D57-7173-49AB-8F69-1A84A55EBC77}.Release|iPhoneSimulator.ActiveCfg = Release|Any CPU
		{F5244D57-7173-49AB-8F69-1A84A55EBC77}.Release|iPhoneSimulator.Build.0 = Release|Any CPU
		{B640BEC8-E364-4680-B903-8ABF4761088F}.Ad-Hoc|Any CPU.ActiveCfg = Release|Any CPU
		{B640BEC8-E364-4680-B903-8ABF4761088F}.Ad-Hoc|Any CPU.Build.0 = Release|Any CPU
		{B640BEC8-E364-4680-B903-8ABF4761088F}.Ad-Hoc|iPhone.ActiveCfg = Release|Any CPU
		{B640BEC8-E364-4680-B903-8ABF4761088F}.Ad-Hoc|iPhone.Build.0 = Release|Any CPU
		{B640BEC8-E364-4680-B903-8ABF4761088F}.Ad-Hoc|iPhoneSimulator.ActiveCfg = Release|Any CPU
		{B640BEC8-E364-4680-B903-8ABF4761088F}.Ad-Hoc|iPhoneSimulator.Build.0 = Release|Any CPU
		{B640BEC8-E364-4680-B903-8ABF4761088F}.AppStore|Any CPU.ActiveCfg = Release|Any CPU
		{B640BEC8-E364-4680-B903-8ABF4761088F}.AppStore|Any CPU.Build.0 = Release|Any CPU
		{B640BEC8-E364-4680-B903-8ABF4761088F}.AppStore|iPhone.ActiveCfg = Release|Any CPU
		{B640BEC8-E364-4680-B903-8ABF4761088F}.AppStore|iPhone.Build.0 = Release|Any CPU
		{B640BEC8-E364-4680-B903-8ABF4761088F}.AppStore|iPhoneSimulator.ActiveCfg = Release|Any CPU
		{B640BEC8-E364-4680-B903-8ABF4761088F}.AppStore|iPhoneSimulator.Build.0 = Release|Any CPU
		{B640BEC8-E364-4680-B903-8ABF4761088F}.Debug|Any CPU.ActiveCfg = Debug|Any CPU
		{B640BEC8-E364-4680-B903-8ABF4761088F}.Debug|Any CPU.Build.0 = Debug|Any CPU
		{B640BEC8-E364-4680-B903-8ABF4761088F}.Debug|iPhone.ActiveCfg = Debug|Any CPU
		{B640BEC8-E364-4680-B903-8ABF4761088F}.Debug|iPhone.Build.0 = Debug|Any CPU
		{B640BEC8-E364-4680-B903-8ABF4761088F}.Debug|iPhoneSimulator.ActiveCfg = Debug|Any CPU
		{B640BEC8-E364-4680-B903-8ABF4761088F}.Debug|iPhoneSimulator.Build.0 = Debug|Any CPU
		{B640BEC8-E364-4680-B903-8ABF4761088F}.Release|Any CPU.ActiveCfg = Release|Any CPU
		{B640BEC8-E364-4680-B903-8ABF4761088F}.Release|Any CPU.Build.0 = Release|Any CPU
		{B640BEC8-E364-4680-B903-8ABF4761088F}.Release|iPhone.ActiveCfg = Release|Any CPU
		{B640BEC8-E364-4680-B903-8ABF4761088F}.Release|iPhone.Build.0 = Release|Any CPU
		{B640BEC8-E364-4680-B903-8ABF4761088F}.Release|iPhoneSimulator.ActiveCfg = Release|Any CPU
		{B640BEC8-E364-4680-B903-8ABF4761088F}.Release|iPhoneSimulator.Build.0 = Release|Any CPU
		{224DF034-688B-4AA3-8020-44676CBAA1D4}.Ad-Hoc|Any CPU.ActiveCfg = Debug|Any CPU
		{224DF034-688B-4AA3-8020-44676CBAA1D4}.Ad-Hoc|Any CPU.Build.0 = Debug|Any CPU
		{224DF034-688B-4AA3-8020-44676CBAA1D4}.Ad-Hoc|iPhone.ActiveCfg = Debug|Any CPU
		{224DF034-688B-4AA3-8020-44676CBAA1D4}.Ad-Hoc|iPhone.Build.0 = Debug|Any CPU
		{224DF034-688B-4AA3-8020-44676CBAA1D4}.Ad-Hoc|iPhoneSimulator.ActiveCfg = Debug|Any CPU
		{224DF034-688B-4AA3-8020-44676CBAA1D4}.Ad-Hoc|iPhoneSimulator.Build.0 = Debug|Any CPU
		{224DF034-688B-4AA3-8020-44676CBAA1D4}.AppStore|Any CPU.ActiveCfg = Debug|Any CPU
		{224DF034-688B-4AA3-8020-44676CBAA1D4}.AppStore|Any CPU.Build.0 = Debug|Any CPU
		{224DF034-688B-4AA3-8020-44676CBAA1D4}.AppStore|iPhone.ActiveCfg = Debug|Any CPU
		{224DF034-688B-4AA3-8020-44676CBAA1D4}.AppStore|iPhone.Build.0 = Debug|Any CPU
		{224DF034-688B-4AA3-8020-44676CBAA1D4}.AppStore|iPhoneSimulator.ActiveCfg = Debug|Any CPU
		{224DF034-688B-4AA3-8020-44676CBAA1D4}.AppStore|iPhoneSimulator.Build.0 = Debug|Any CPU
		{224DF034-688B-4AA3-8020-44676CBAA1D4}.Debug|Any CPU.ActiveCfg = Debug|Any CPU
		{224DF034-688B-4AA3-8020-44676CBAA1D4}.Debug|Any CPU.Build.0 = Debug|Any CPU
		{224DF034-688B-4AA3-8020-44676CBAA1D4}.Debug|iPhone.ActiveCfg = Debug|Any CPU
		{224DF034-688B-4AA3-8020-44676CBAA1D4}.Debug|iPhone.Build.0 = Debug|Any CPU
		{224DF034-688B-4AA3-8020-44676CBAA1D4}.Debug|iPhoneSimulator.ActiveCfg = Debug|Any CPU
		{224DF034-688B-4AA3-8020-44676CBAA1D4}.Debug|iPhoneSimulator.Build.0 = Debug|Any CPU
		{224DF034-688B-4AA3-8020-44676CBAA1D4}.Release|Any CPU.ActiveCfg = Release|Any CPU
		{224DF034-688B-4AA3-8020-44676CBAA1D4}.Release|Any CPU.Build.0 = Release|Any CPU
		{224DF034-688B-4AA3-8020-44676CBAA1D4}.Release|iPhone.ActiveCfg = Release|Any CPU
		{224DF034-688B-4AA3-8020-44676CBAA1D4}.Release|iPhone.Build.0 = Release|Any CPU
		{224DF034-688B-4AA3-8020-44676CBAA1D4}.Release|iPhoneSimulator.ActiveCfg = Release|Any CPU
		{224DF034-688B-4AA3-8020-44676CBAA1D4}.Release|iPhoneSimulator.Build.0 = Release|Any CPU
		{A7AF1E86-A2EA-4D9B-9325-4730FA21EB8F}.Ad-Hoc|Any CPU.ActiveCfg = Debug|Any CPU
		{A7AF1E86-A2EA-4D9B-9325-4730FA21EB8F}.Ad-Hoc|Any CPU.Build.0 = Debug|Any CPU
		{A7AF1E86-A2EA-4D9B-9325-4730FA21EB8F}.Ad-Hoc|iPhone.ActiveCfg = Debug|Any CPU
		{A7AF1E86-A2EA-4D9B-9325-4730FA21EB8F}.Ad-Hoc|iPhone.Build.0 = Debug|Any CPU
		{A7AF1E86-A2EA-4D9B-9325-4730FA21EB8F}.Ad-Hoc|iPhoneSimulator.ActiveCfg = Debug|Any CPU
		{A7AF1E86-A2EA-4D9B-9325-4730FA21EB8F}.Ad-Hoc|iPhoneSimulator.Build.0 = Debug|Any CPU
		{A7AF1E86-A2EA-4D9B-9325-4730FA21EB8F}.AppStore|Any CPU.ActiveCfg = Debug|Any CPU
		{A7AF1E86-A2EA-4D9B-9325-4730FA21EB8F}.AppStore|Any CPU.Build.0 = Debug|Any CPU
		{A7AF1E86-A2EA-4D9B-9325-4730FA21EB8F}.AppStore|iPhone.ActiveCfg = Debug|Any CPU
		{A7AF1E86-A2EA-4D9B-9325-4730FA21EB8F}.AppStore|iPhone.Build.0 = Debug|Any CPU
		{A7AF1E86-A2EA-4D9B-9325-4730FA21EB8F}.AppStore|iPhoneSimulator.ActiveCfg = Debug|Any CPU
		{A7AF1E86-A2EA-4D9B-9325-4730FA21EB8F}.AppStore|iPhoneSimulator.Build.0 = Debug|Any CPU
		{A7AF1E86-A2EA-4D9B-9325-4730FA21EB8F}.Debug|Any CPU.ActiveCfg = Debug|Any CPU
		{A7AF1E86-A2EA-4D9B-9325-4730FA21EB8F}.Debug|Any CPU.Build.0 = Debug|Any CPU
		{A7AF1E86-A2EA-4D9B-9325-4730FA21EB8F}.Debug|iPhone.ActiveCfg = Debug|Any CPU
		{A7AF1E86-A2EA-4D9B-9325-4730FA21EB8F}.Debug|iPhone.Build.0 = Debug|Any CPU
		{A7AF1E86-A2EA-4D9B-9325-4730FA21EB8F}.Debug|iPhoneSimulator.ActiveCfg = Debug|Any CPU
		{A7AF1E86-A2EA-4D9B-9325-4730FA21EB8F}.Debug|iPhoneSimulator.Build.0 = Debug|Any CPU
		{A7AF1E86-A2EA-4D9B-9325-4730FA21EB8F}.Release|Any CPU.ActiveCfg = Release|Any CPU
		{A7AF1E86-A2EA-4D9B-9325-4730FA21EB8F}.Release|Any CPU.Build.0 = Release|Any CPU
		{A7AF1E86-A2EA-4D9B-9325-4730FA21EB8F}.Release|iPhone.ActiveCfg = Release|Any CPU
		{A7AF1E86-A2EA-4D9B-9325-4730FA21EB8F}.Release|iPhone.Build.0 = Release|Any CPU
		{A7AF1E86-A2EA-4D9B-9325-4730FA21EB8F}.Release|iPhoneSimulator.ActiveCfg = Release|Any CPU
		{A7AF1E86-A2EA-4D9B-9325-4730FA21EB8F}.Release|iPhoneSimulator.Build.0 = Release|Any CPU
		{08AA97C5-D94E-4F65-88B1-9B418C673C69}.Ad-Hoc|Any CPU.ActiveCfg = Debug|Any CPU
		{08AA97C5-D94E-4F65-88B1-9B418C673C69}.Ad-Hoc|Any CPU.Build.0 = Debug|Any CPU
		{08AA97C5-D94E-4F65-88B1-9B418C673C69}.Ad-Hoc|iPhone.ActiveCfg = Debug|Any CPU
		{08AA97C5-D94E-4F65-88B1-9B418C673C69}.Ad-Hoc|iPhone.Build.0 = Debug|Any CPU
		{08AA97C5-D94E-4F65-88B1-9B418C673C69}.Ad-Hoc|iPhoneSimulator.ActiveCfg = Debug|Any CPU
		{08AA97C5-D94E-4F65-88B1-9B418C673C69}.Ad-Hoc|iPhoneSimulator.Build.0 = Debug|Any CPU
		{08AA97C5-D94E-4F65-88B1-9B418C673C69}.AppStore|Any CPU.ActiveCfg = Debug|Any CPU
		{08AA97C5-D94E-4F65-88B1-9B418C673C69}.AppStore|Any CPU.Build.0 = Debug|Any CPU
		{08AA97C5-D94E-4F65-88B1-9B418C673C69}.AppStore|iPhone.ActiveCfg = Debug|Any CPU
		{08AA97C5-D94E-4F65-88B1-9B418C673C69}.AppStore|iPhone.Build.0 = Debug|Any CPU
		{08AA97C5-D94E-4F65-88B1-9B418C673C69}.AppStore|iPhoneSimulator.ActiveCfg = Debug|Any CPU
		{08AA97C5-D94E-4F65-88B1-9B418C673C69}.AppStore|iPhoneSimulator.Build.0 = Debug|Any CPU
		{08AA97C5-D94E-4F65-88B1-9B418C673C69}.Debug|Any CPU.ActiveCfg = Debug|Any CPU
		{08AA97C5-D94E-4F65-88B1-9B418C673C69}.Debug|Any CPU.Build.0 = Debug|Any CPU
		{08AA97C5-D94E-4F65-88B1-9B418C673C69}.Debug|iPhone.ActiveCfg = Debug|Any CPU
		{08AA97C5-D94E-4F65-88B1-9B418C673C69}.Debug|iPhone.Build.0 = Debug|Any CPU
		{08AA97C5-D94E-4F65-88B1-9B418C673C69}.Debug|iPhoneSimulator.ActiveCfg = Debug|Any CPU
		{08AA97C5-D94E-4F65-88B1-9B418C673C69}.Debug|iPhoneSimulator.Build.0 = Debug|Any CPU
		{08AA97C5-D94E-4F65-88B1-9B418C673C69}.Release|Any CPU.ActiveCfg = Release|Any CPU
		{08AA97C5-D94E-4F65-88B1-9B418C673C69}.Release|Any CPU.Build.0 = Release|Any CPU
		{08AA97C5-D94E-4F65-88B1-9B418C673C69}.Release|iPhone.ActiveCfg = Release|Any CPU
		{08AA97C5-D94E-4F65-88B1-9B418C673C69}.Release|iPhone.Build.0 = Release|Any CPU
		{08AA97C5-D94E-4F65-88B1-9B418C673C69}.Release|iPhoneSimulator.ActiveCfg = Release|Any CPU
		{08AA97C5-D94E-4F65-88B1-9B418C673C69}.Release|iPhoneSimulator.Build.0 = Release|Any CPU
		{15F39408-627C-4CF0-82EE-16A436FB85E3}.Ad-Hoc|Any CPU.ActiveCfg = Debug|Any CPU
		{15F39408-627C-4CF0-82EE-16A436FB85E3}.Ad-Hoc|Any CPU.Build.0 = Debug|Any CPU
		{15F39408-627C-4CF0-82EE-16A436FB85E3}.Ad-Hoc|iPhone.ActiveCfg = Debug|Any CPU
		{15F39408-627C-4CF0-82EE-16A436FB85E3}.Ad-Hoc|iPhone.Build.0 = Debug|Any CPU
		{15F39408-627C-4CF0-82EE-16A436FB85E3}.Ad-Hoc|iPhoneSimulator.ActiveCfg = Debug|Any CPU
		{15F39408-627C-4CF0-82EE-16A436FB85E3}.Ad-Hoc|iPhoneSimulator.Build.0 = Debug|Any CPU
		{15F39408-627C-4CF0-82EE-16A436FB85E3}.AppStore|Any CPU.ActiveCfg = Debug|Any CPU
		{15F39408-627C-4CF0-82EE-16A436FB85E3}.AppStore|Any CPU.Build.0 = Debug|Any CPU
		{15F39408-627C-4CF0-82EE-16A436FB85E3}.AppStore|iPhone.ActiveCfg = Debug|Any CPU
		{15F39408-627C-4CF0-82EE-16A436FB85E3}.AppStore|iPhone.Build.0 = Debug|Any CPU
		{15F39408-627C-4CF0-82EE-16A436FB85E3}.AppStore|iPhoneSimulator.ActiveCfg = Debug|Any CPU
		{15F39408-627C-4CF0-82EE-16A436FB85E3}.AppStore|iPhoneSimulator.Build.0 = Debug|Any CPU
		{15F39408-627C-4CF0-82EE-16A436FB85E3}.Debug|Any CPU.ActiveCfg = Debug|Any CPU
		{15F39408-627C-4CF0-82EE-16A436FB85E3}.Debug|Any CPU.Build.0 = Debug|Any CPU
		{15F39408-627C-4CF0-82EE-16A436FB85E3}.Debug|iPhone.ActiveCfg = Debug|Any CPU
		{15F39408-627C-4CF0-82EE-16A436FB85E3}.Debug|iPhone.Build.0 = Debug|Any CPU
		{15F39408-627C-4CF0-82EE-16A436FB85E3}.Debug|iPhoneSimulator.ActiveCfg = Debug|Any CPU
		{15F39408-627C-4CF0-82EE-16A436FB85E3}.Debug|iPhoneSimulator.Build.0 = Debug|Any CPU
		{15F39408-627C-4CF0-82EE-16A436FB85E3}.Release|Any CPU.ActiveCfg = Release|Any CPU
		{15F39408-627C-4CF0-82EE-16A436FB85E3}.Release|Any CPU.Build.0 = Release|Any CPU
		{15F39408-627C-4CF0-82EE-16A436FB85E3}.Release|iPhone.ActiveCfg = Release|Any CPU
		{15F39408-627C-4CF0-82EE-16A436FB85E3}.Release|iPhone.Build.0 = Release|Any CPU
		{15F39408-627C-4CF0-82EE-16A436FB85E3}.Release|iPhoneSimulator.ActiveCfg = Release|Any CPU
		{15F39408-627C-4CF0-82EE-16A436FB85E3}.Release|iPhoneSimulator.Build.0 = Release|Any CPU
		{0867FACC-A84A-49BC-B460-27FEDA795F2D}.Ad-Hoc|Any CPU.ActiveCfg = Debug|Any CPU
		{0867FACC-A84A-49BC-B460-27FEDA795F2D}.Ad-Hoc|Any CPU.Build.0 = Debug|Any CPU
		{0867FACC-A84A-49BC-B460-27FEDA795F2D}.Ad-Hoc|iPhone.ActiveCfg = Debug|Any CPU
		{0867FACC-A84A-49BC-B460-27FEDA795F2D}.Ad-Hoc|iPhone.Build.0 = Debug|Any CPU
		{0867FACC-A84A-49BC-B460-27FEDA795F2D}.Ad-Hoc|iPhoneSimulator.ActiveCfg = Debug|Any CPU
		{0867FACC-A84A-49BC-B460-27FEDA795F2D}.Ad-Hoc|iPhoneSimulator.Build.0 = Debug|Any CPU
		{0867FACC-A84A-49BC-B460-27FEDA795F2D}.AppStore|Any CPU.ActiveCfg = Debug|Any CPU
		{0867FACC-A84A-49BC-B460-27FEDA795F2D}.AppStore|Any CPU.Build.0 = Debug|Any CPU
		{0867FACC-A84A-49BC-B460-27FEDA795F2D}.AppStore|iPhone.ActiveCfg = Debug|Any CPU
		{0867FACC-A84A-49BC-B460-27FEDA795F2D}.AppStore|iPhone.Build.0 = Debug|Any CPU
		{0867FACC-A84A-49BC-B460-27FEDA795F2D}.AppStore|iPhoneSimulator.ActiveCfg = Debug|Any CPU
		{0867FACC-A84A-49BC-B460-27FEDA795F2D}.AppStore|iPhoneSimulator.Build.0 = Debug|Any CPU
		{0867FACC-A84A-49BC-B460-27FEDA795F2D}.Debug|Any CPU.ActiveCfg = Debug|Any CPU
		{0867FACC-A84A-49BC-B460-27FEDA795F2D}.Debug|Any CPU.Build.0 = Debug|Any CPU
		{0867FACC-A84A-49BC-B460-27FEDA795F2D}.Debug|iPhone.ActiveCfg = Debug|Any CPU
		{0867FACC-A84A-49BC-B460-27FEDA795F2D}.Debug|iPhone.Build.0 = Debug|Any CPU
		{0867FACC-A84A-49BC-B460-27FEDA795F2D}.Debug|iPhoneSimulator.ActiveCfg = Debug|Any CPU
		{0867FACC-A84A-49BC-B460-27FEDA795F2D}.Debug|iPhoneSimulator.Build.0 = Debug|Any CPU
		{0867FACC-A84A-49BC-B460-27FEDA795F2D}.Release|Any CPU.ActiveCfg = Release|Any CPU
		{0867FACC-A84A-49BC-B460-27FEDA795F2D}.Release|Any CPU.Build.0 = Release|Any CPU
		{0867FACC-A84A-49BC-B460-27FEDA795F2D}.Release|iPhone.ActiveCfg = Release|Any CPU
		{0867FACC-A84A-49BC-B460-27FEDA795F2D}.Release|iPhone.Build.0 = Release|Any CPU
		{0867FACC-A84A-49BC-B460-27FEDA795F2D}.Release|iPhoneSimulator.ActiveCfg = Release|Any CPU
		{0867FACC-A84A-49BC-B460-27FEDA795F2D}.Release|iPhoneSimulator.Build.0 = Release|Any CPU
	EndGlobalSection
	GlobalSection(SolutionProperties) = preSolution
		HideSolutionNode = FALSE
	EndGlobalSection
	GlobalSection(NestedProjects) = preSolution
		{C010CE09-0D94-4E67-8812-CE3734E4E36F} = {D2932C7A-0DBE-468A-BB41-195C62AD438F}
		{F4DA3947-3C34-4498-9360-16DB3667DFA7} = {C010CE09-0D94-4E67-8812-CE3734E4E36F}
		{76ABC0FF-0568-4207-BDAC-8B3AFF16E620} = {F4DA3947-3C34-4498-9360-16DB3667DFA7}
		{A45ED7D3-3D5C-479B-ACA0-003C140D4470} = {C010CE09-0D94-4E67-8812-CE3734E4E36F}
		{25926F25-96EB-4FB6-B6EF-0C70E04588B4} = {C010CE09-0D94-4E67-8812-CE3734E4E36F}
		{FE176EAF-A3BA-4174-B277-56309C861529} = {C010CE09-0D94-4E67-8812-CE3734E4E36F}
		{6E0D11DD-0B45-4673-98FD-DFD68013F96D} = {C010CE09-0D94-4E67-8812-CE3734E4E36F}
		{56CFFD55-4E15-4781-A4F9-E15EE898D3E2} = {C010CE09-0D94-4E67-8812-CE3734E4E36F}
		{05002CBB-642C-4943-BF98-3A2BD29BE9D5} = {C010CE09-0D94-4E67-8812-CE3734E4E36F}
		{01E92318-0D4F-422C-82B8-70B1D374B8B0} = {14C48A43-F737-4B7D-B253-04B4E4BA6F1B}
		{BBA22E53-1C10-4F32-B5B6-CF938E1D22A7} = {14C48A43-F737-4B7D-B253-04B4E4BA6F1B}
		{8921B64D-68BC-45F7-B0A0-A807642CCA09} = {01E92318-0D4F-422C-82B8-70B1D374B8B0}
		{67BD277D-0CAB-4F75-9A26-9762056EF54F} = {01E92318-0D4F-422C-82B8-70B1D374B8B0}
		{17CFB0EC-734A-4AEE-90EE-3D17A81C8BD5} = {01E92318-0D4F-422C-82B8-70B1D374B8B0}
		{11D5B54D-427C-4578-83AB-6E41D0727520} = {BBA22E53-1C10-4F32-B5B6-CF938E1D22A7}
		{FA6BC06A-C022-470D-91AD-F8DFC16527F2} = {BBA22E53-1C10-4F32-B5B6-CF938E1D22A7}
		{728E1205-2DDC-470E-9C41-5FD338502A2F} = {11D5B54D-427C-4578-83AB-6E41D0727520}
		{CF60E224-D56F-4F5A-908A-07BEAE6EDD66} = {11D5B54D-427C-4578-83AB-6E41D0727520}
		{09AEEEE4-0C8B-4847-8A72-5FACC4C8A7BC} = {11D5B54D-427C-4578-83AB-6E41D0727520}
		{B9F4AE11-366B-4E1E-B1A4-5BCE6F42F99E} = {FA6BC06A-C022-470D-91AD-F8DFC16527F2}
		{558F8659-42D2-40C9-A314-1406877C1013} = {FA6BC06A-C022-470D-91AD-F8DFC16527F2}
		{F5244D57-7173-49AB-8F69-1A84A55EBC77} = {BBA22E53-1C10-4F32-B5B6-CF938E1D22A7}
		{B640BEC8-E364-4680-B903-8ABF4761088F} = {BBA22E53-1C10-4F32-B5B6-CF938E1D22A7}
		{224DF034-688B-4AA3-8020-44676CBAA1D4} = {48C5D64F-771C-4D26-8D6F-81E8DA37B7AD}
		{48C5D64F-771C-4D26-8D6F-81E8DA37B7AD} = {775B3448-49F7-4769-85EC-8E6069C8660A}
		{C91004EA-8BE0-48E9-8AB5-57D894500EEB} = {775B3448-49F7-4769-85EC-8E6069C8660A}
		{A7AF1E86-A2EA-4D9B-9325-4730FA21EB8F} = {48C5D64F-771C-4D26-8D6F-81E8DA37B7AD}
		{08AA97C5-D94E-4F65-88B1-9B418C673C69} = {C91004EA-8BE0-48E9-8AB5-57D894500EEB}
		{15F39408-627C-4CF0-82EE-16A436FB85E3} = {C91004EA-8BE0-48E9-8AB5-57D894500EEB}
		{0867FACC-A84A-49BC-B460-27FEDA795F2D} = {BBA22E53-1C10-4F32-B5B6-CF938E1D22A7}
	EndGlobalSection
	GlobalSection(ExtensibilityGlobals) = postSolution
		SolutionGuid = {C430EF2C-6FCB-4EF9-8898-D447AAEA3E31}
	EndGlobalSection
EndGlobal
