
Microsoft Visual Studio Solution File, Format Version 12.00
# Visual Studio 15
VisualStudioVersion = 15.0.28010.2046
MinimumVisualStudioVersion = 10.0.40219.1
Project("{2150E333-8FDC-42A3-9474-1A3956D46DE8}") = "Docs", "Docs", "{4A637E3F-AF54-46BC-8E44-799DA67A00B3}"
	ProjectSection(SolutionItems) = preProject
		ReadMe.md = ReadMe.md
	EndProjectSection
EndProject
Project("{2150E333-8FDC-42A3-9474-1A3956D46DE8}") = "Src", "Src", "{249CEBEC-A410-4FFE-ADB8-9AAD9DE9648C}"
EndProject
Project("{2150E333-8FDC-42A3-9474-1A3956D46DE8}") = "Tests", "Tests", "{87699494-41BF-487A-A6EC-8D6E30DB0D19}"
EndProject
Project("{2150E333-8FDC-42A3-9474-1A3956D46DE8}") = "Core", "Core", "{C68631D2-5C3D-4DB3-BE34-DDDFD3D59D07}"
EndProject
Project("{2150E333-8FDC-42A3-9474-1A3956D46DE8}") = "Infrastructure", "Infrastructure", "{AA672D6A-7337-49D0-8615-B39524E00156}"
EndProject
Project("{2150E333-8FDC-42A3-9474-1A3956D46DE8}") = "Presentation", "Presentation", "{9699A97D-47FC-48C0-BE08-E5DE8AFAE915}"
EndProject
Project("{9A19103F-16F7-4668-BE54-9A1E7A4F7556}") = "Marathon.Application", "Marathon.Application\Marathon.Application.csproj", "{EEB75CBF-7EDB-4DBD-B5FC-B088F2C24F65}"
EndProject
Project("{9A19103F-16F7-4668-BE54-9A1E7A4F7556}") = "Marathon.Infrastructure", "Marathon.Infrastructure\Marathon.Infrastructure.csproj", "{547BF50D-224A-47CD-912E-54570979CBAB}"
EndProject
Project("{9A19103F-16F7-4668-BE54-9A1E7A4F7556}") = "Marathon.Persistence", "Marathon.Persistence\Marathon.Persistence.csproj", "{FFBFDF32-2A9A-4341-8677-79223A7DC946}"
EndProject
Project("{FAE04EC0-301F-11D3-BF4B-00C04F79EFBC}") = "Marathon.Desktop", "Marathon.Desktop\Marathon.Desktop.csproj", "{B640BEC8-E364-4680-B903-8ABF4761088F}"
EndProject
Project("{9A19103F-16F7-4668-BE54-9A1E7A4F7556}") = "Marathon.Web", "Marathon.Web\Marathon.Web.csproj", "{75E16F27-62C5-48E1-B3E8-F6833E7857CD}"
EndProject
Project("{9A19103F-16F7-4668-BE54-9A1E7A4F7556}") = "Marathon.API", "Marathon.API\Marathon.API.csproj", "{1A202E33-0220-4EC0-BA40-289B01CE2FB3}"
EndProject
Project("{FAE04EC0-301F-11D3-BF4B-00C04F79EFBC}") = "Marathon.Mobile.Android", "Marathon.Mobile\Marathon.Mobile.Android\Marathon.Mobile.Android.csproj", "{CF60E224-D56F-4F5A-908A-07BEAE6EDD66}"
EndProject
Project("{FAE04EC0-301F-11D3-BF4B-00C04F79EFBC}") = "Marathon.Mobile.iOS", "Marathon.Mobile\Marathon.Mobile.iOS\Marathon.Mobile.iOS.csproj", "{09AEEEE4-0C8B-4847-8A72-5FACC4C8A7BC}"
EndProject
Project("{FAE04EC0-301F-11D3-BF4B-00C04F79EFBC}") = "Marathon.Mobile.UWP", "Marathon.Mobile\Marathon.Mobile.UWP\Marathon.Mobile.UWP.csproj", "{22FB6C4C-F728-4295-BAF2-99BEA91965DF}"
EndProject
Project("{9A19103F-16F7-4668-BE54-9A1E7A4F7556}") = "Marathon.Mobile", "Marathon.Mobile\Marathon.Mobile\Marathon.Mobile.csproj", "{031EDA65-2CEE-40BE-BE13-5DA7124702C0}"
EndProject
Project("{2150E333-8FDC-42A3-9474-1A3956D46DE8}") = "Mobile", "Mobile", "{C2CE8D31-BD89-4BD3-9A8C-E5B44A280853}"
EndProject
Project("{9A19103F-16F7-4668-BE54-9A1E7A4F7556}") = "Marathon.Domain", "Marathon.Domain\Marathon.Domain.csproj", "{94FE0A11-D710-409E-AF37-31520866C399}"
EndProject
Project("{9A19103F-16F7-4668-BE54-9A1E7A4F7556}") = "Marathon.Application.Tests", "Marathon.Application.Tests\Marathon.Application.Tests.csproj", "{B1EA24C8-A120-4112-A52E-0DFF5CAFB910}"
EndProject
Project("{9A19103F-16F7-4668-BE54-9A1E7A4F7556}") = "Marathon.Core", "Marathon.Core\Marathon.Core.csproj", "{2B471C20-AB1E-491A-B180-2BFB20AC4E7D}"
EndProject
Global
	GlobalSection(SolutionConfigurationPlatforms) = preSolution
		Ad-Hoc|Any CPU = Ad-Hoc|Any CPU
		Ad-Hoc|ARM = Ad-Hoc|ARM
		Ad-Hoc|iPhone = Ad-Hoc|iPhone
		Ad-Hoc|iPhoneSimulator = Ad-Hoc|iPhoneSimulator
		Ad-Hoc|x64 = Ad-Hoc|x64
		Ad-Hoc|x86 = Ad-Hoc|x86
		AppStore|Any CPU = AppStore|Any CPU
		AppStore|ARM = AppStore|ARM
		AppStore|iPhone = AppStore|iPhone
		AppStore|iPhoneSimulator = AppStore|iPhoneSimulator
		AppStore|x64 = AppStore|x64
		AppStore|x86 = AppStore|x86
		Debug|Any CPU = Debug|Any CPU
		Debug|ARM = Debug|ARM
		Debug|iPhone = Debug|iPhone
		Debug|iPhoneSimulator = Debug|iPhoneSimulator
		Debug|x64 = Debug|x64
		Debug|x86 = Debug|x86
		Release|Any CPU = Release|Any CPU
		Release|ARM = Release|ARM
		Release|iPhone = Release|iPhone
		Release|iPhoneSimulator = Release|iPhoneSimulator
		Release|x64 = Release|x64
		Release|x86 = Release|x86
	EndGlobalSection
	GlobalSection(ProjectConfigurationPlatforms) = postSolution
		{EEB75CBF-7EDB-4DBD-B5FC-B088F2C24F65}.Ad-Hoc|Any CPU.ActiveCfg = Debug|Any CPU
		{EEB75CBF-7EDB-4DBD-B5FC-B088F2C24F65}.Ad-Hoc|Any CPU.Build.0 = Debug|Any CPU
		{EEB75CBF-7EDB-4DBD-B5FC-B088F2C24F65}.Ad-Hoc|ARM.ActiveCfg = Debug|Any CPU
		{EEB75CBF-7EDB-4DBD-B5FC-B088F2C24F65}.Ad-Hoc|ARM.Build.0 = Debug|Any CPU
		{EEB75CBF-7EDB-4DBD-B5FC-B088F2C24F65}.Ad-Hoc|iPhone.ActiveCfg = Debug|Any CPU
		{EEB75CBF-7EDB-4DBD-B5FC-B088F2C24F65}.Ad-Hoc|iPhone.Build.0 = Debug|Any CPU
		{EEB75CBF-7EDB-4DBD-B5FC-B088F2C24F65}.Ad-Hoc|iPhoneSimulator.ActiveCfg = Debug|Any CPU
		{EEB75CBF-7EDB-4DBD-B5FC-B088F2C24F65}.Ad-Hoc|iPhoneSimulator.Build.0 = Debug|Any CPU
		{EEB75CBF-7EDB-4DBD-B5FC-B088F2C24F65}.Ad-Hoc|x64.ActiveCfg = Debug|Any CPU
		{EEB75CBF-7EDB-4DBD-B5FC-B088F2C24F65}.Ad-Hoc|x64.Build.0 = Debug|Any CPU
		{EEB75CBF-7EDB-4DBD-B5FC-B088F2C24F65}.Ad-Hoc|x86.ActiveCfg = Debug|Any CPU
		{EEB75CBF-7EDB-4DBD-B5FC-B088F2C24F65}.Ad-Hoc|x86.Build.0 = Debug|Any CPU
		{EEB75CBF-7EDB-4DBD-B5FC-B088F2C24F65}.AppStore|Any CPU.ActiveCfg = Debug|Any CPU
		{EEB75CBF-7EDB-4DBD-B5FC-B088F2C24F65}.AppStore|Any CPU.Build.0 = Debug|Any CPU
		{EEB75CBF-7EDB-4DBD-B5FC-B088F2C24F65}.AppStore|ARM.ActiveCfg = Debug|Any CPU
		{EEB75CBF-7EDB-4DBD-B5FC-B088F2C24F65}.AppStore|ARM.Build.0 = Debug|Any CPU
		{EEB75CBF-7EDB-4DBD-B5FC-B088F2C24F65}.AppStore|iPhone.ActiveCfg = Debug|Any CPU
		{EEB75CBF-7EDB-4DBD-B5FC-B088F2C24F65}.AppStore|iPhone.Build.0 = Debug|Any CPU
		{EEB75CBF-7EDB-4DBD-B5FC-B088F2C24F65}.AppStore|iPhoneSimulator.ActiveCfg = Debug|Any CPU
		{EEB75CBF-7EDB-4DBD-B5FC-B088F2C24F65}.AppStore|iPhoneSimulator.Build.0 = Debug|Any CPU
		{EEB75CBF-7EDB-4DBD-B5FC-B088F2C24F65}.AppStore|x64.ActiveCfg = Debug|Any CPU
		{EEB75CBF-7EDB-4DBD-B5FC-B088F2C24F65}.AppStore|x64.Build.0 = Debug|Any CPU
		{EEB75CBF-7EDB-4DBD-B5FC-B088F2C24F65}.AppStore|x86.ActiveCfg = Debug|Any CPU
		{EEB75CBF-7EDB-4DBD-B5FC-B088F2C24F65}.AppStore|x86.Build.0 = Debug|Any CPU
		{EEB75CBF-7EDB-4DBD-B5FC-B088F2C24F65}.Debug|Any CPU.ActiveCfg = Debug|Any CPU
		{EEB75CBF-7EDB-4DBD-B5FC-B088F2C24F65}.Debug|Any CPU.Build.0 = Debug|Any CPU
		{EEB75CBF-7EDB-4DBD-B5FC-B088F2C24F65}.Debug|ARM.ActiveCfg = Debug|Any CPU
		{EEB75CBF-7EDB-4DBD-B5FC-B088F2C24F65}.Debug|ARM.Build.0 = Debug|Any CPU
		{EEB75CBF-7EDB-4DBD-B5FC-B088F2C24F65}.Debug|iPhone.ActiveCfg = Debug|Any CPU
		{EEB75CBF-7EDB-4DBD-B5FC-B088F2C24F65}.Debug|iPhone.Build.0 = Debug|Any CPU
		{EEB75CBF-7EDB-4DBD-B5FC-B088F2C24F65}.Debug|iPhoneSimulator.ActiveCfg = Debug|Any CPU
		{EEB75CBF-7EDB-4DBD-B5FC-B088F2C24F65}.Debug|iPhoneSimulator.Build.0 = Debug|Any CPU
		{EEB75CBF-7EDB-4DBD-B5FC-B088F2C24F65}.Debug|x64.ActiveCfg = Debug|Any CPU
		{EEB75CBF-7EDB-4DBD-B5FC-B088F2C24F65}.Debug|x64.Build.0 = Debug|Any CPU
		{EEB75CBF-7EDB-4DBD-B5FC-B088F2C24F65}.Debug|x86.ActiveCfg = Debug|Any CPU
		{EEB75CBF-7EDB-4DBD-B5FC-B088F2C24F65}.Debug|x86.Build.0 = Debug|Any CPU
		{EEB75CBF-7EDB-4DBD-B5FC-B088F2C24F65}.Release|Any CPU.ActiveCfg = Release|Any CPU
		{EEB75CBF-7EDB-4DBD-B5FC-B088F2C24F65}.Release|Any CPU.Build.0 = Release|Any CPU
		{EEB75CBF-7EDB-4DBD-B5FC-B088F2C24F65}.Release|ARM.ActiveCfg = Release|Any CPU
		{EEB75CBF-7EDB-4DBD-B5FC-B088F2C24F65}.Release|ARM.Build.0 = Release|Any CPU
		{EEB75CBF-7EDB-4DBD-B5FC-B088F2C24F65}.Release|iPhone.ActiveCfg = Release|Any CPU
		{EEB75CBF-7EDB-4DBD-B5FC-B088F2C24F65}.Release|iPhone.Build.0 = Release|Any CPU
		{EEB75CBF-7EDB-4DBD-B5FC-B088F2C24F65}.Release|iPhoneSimulator.ActiveCfg = Release|Any CPU
		{EEB75CBF-7EDB-4DBD-B5FC-B088F2C24F65}.Release|iPhoneSimulator.Build.0 = Release|Any CPU
		{EEB75CBF-7EDB-4DBD-B5FC-B088F2C24F65}.Release|x64.ActiveCfg = Release|Any CPU
		{EEB75CBF-7EDB-4DBD-B5FC-B088F2C24F65}.Release|x64.Build.0 = Release|Any CPU
		{EEB75CBF-7EDB-4DBD-B5FC-B088F2C24F65}.Release|x86.ActiveCfg = Release|Any CPU
		{EEB75CBF-7EDB-4DBD-B5FC-B088F2C24F65}.Release|x86.Build.0 = Release|Any CPU
		{547BF50D-224A-47CD-912E-54570979CBAB}.Ad-Hoc|Any CPU.ActiveCfg = Debug|Any CPU
		{547BF50D-224A-47CD-912E-54570979CBAB}.Ad-Hoc|Any CPU.Build.0 = Debug|Any CPU
		{547BF50D-224A-47CD-912E-54570979CBAB}.Ad-Hoc|ARM.ActiveCfg = Debug|Any CPU
		{547BF50D-224A-47CD-912E-54570979CBAB}.Ad-Hoc|ARM.Build.0 = Debug|Any CPU
		{547BF50D-224A-47CD-912E-54570979CBAB}.Ad-Hoc|iPhone.ActiveCfg = Debug|Any CPU
		{547BF50D-224A-47CD-912E-54570979CBAB}.Ad-Hoc|iPhone.Build.0 = Debug|Any CPU
		{547BF50D-224A-47CD-912E-54570979CBAB}.Ad-Hoc|iPhoneSimulator.ActiveCfg = Debug|Any CPU
		{547BF50D-224A-47CD-912E-54570979CBAB}.Ad-Hoc|iPhoneSimulator.Build.0 = Debug|Any CPU
		{547BF50D-224A-47CD-912E-54570979CBAB}.Ad-Hoc|x64.ActiveCfg = Debug|Any CPU
		{547BF50D-224A-47CD-912E-54570979CBAB}.Ad-Hoc|x64.Build.0 = Debug|Any CPU
		{547BF50D-224A-47CD-912E-54570979CBAB}.Ad-Hoc|x86.ActiveCfg = Debug|Any CPU
		{547BF50D-224A-47CD-912E-54570979CBAB}.Ad-Hoc|x86.Build.0 = Debug|Any CPU
		{547BF50D-224A-47CD-912E-54570979CBAB}.AppStore|Any CPU.ActiveCfg = Debug|Any CPU
		{547BF50D-224A-47CD-912E-54570979CBAB}.AppStore|Any CPU.Build.0 = Debug|Any CPU
		{547BF50D-224A-47CD-912E-54570979CBAB}.AppStore|ARM.ActiveCfg = Debug|Any CPU
		{547BF50D-224A-47CD-912E-54570979CBAB}.AppStore|ARM.Build.0 = Debug|Any CPU
		{547BF50D-224A-47CD-912E-54570979CBAB}.AppStore|iPhone.ActiveCfg = Debug|Any CPU
		{547BF50D-224A-47CD-912E-54570979CBAB}.AppStore|iPhone.Build.0 = Debug|Any CPU
		{547BF50D-224A-47CD-912E-54570979CBAB}.AppStore|iPhoneSimulator.ActiveCfg = Debug|Any CPU
		{547BF50D-224A-47CD-912E-54570979CBAB}.AppStore|iPhoneSimulator.Build.0 = Debug|Any CPU
		{547BF50D-224A-47CD-912E-54570979CBAB}.AppStore|x64.ActiveCfg = Debug|Any CPU
		{547BF50D-224A-47CD-912E-54570979CBAB}.AppStore|x64.Build.0 = Debug|Any CPU
		{547BF50D-224A-47CD-912E-54570979CBAB}.AppStore|x86.ActiveCfg = Debug|Any CPU
		{547BF50D-224A-47CD-912E-54570979CBAB}.AppStore|x86.Build.0 = Debug|Any CPU
		{547BF50D-224A-47CD-912E-54570979CBAB}.Debug|Any CPU.ActiveCfg = Debug|Any CPU
		{547BF50D-224A-47CD-912E-54570979CBAB}.Debug|Any CPU.Build.0 = Debug|Any CPU
		{547BF50D-224A-47CD-912E-54570979CBAB}.Debug|ARM.ActiveCfg = Debug|Any CPU
		{547BF50D-224A-47CD-912E-54570979CBAB}.Debug|ARM.Build.0 = Debug|Any CPU
		{547BF50D-224A-47CD-912E-54570979CBAB}.Debug|iPhone.ActiveCfg = Debug|Any CPU
		{547BF50D-224A-47CD-912E-54570979CBAB}.Debug|iPhone.Build.0 = Debug|Any CPU
		{547BF50D-224A-47CD-912E-54570979CBAB}.Debug|iPhoneSimulator.ActiveCfg = Debug|Any CPU
		{547BF50D-224A-47CD-912E-54570979CBAB}.Debug|iPhoneSimulator.Build.0 = Debug|Any CPU
		{547BF50D-224A-47CD-912E-54570979CBAB}.Debug|x64.ActiveCfg = Debug|Any CPU
		{547BF50D-224A-47CD-912E-54570979CBAB}.Debug|x64.Build.0 = Debug|Any CPU
		{547BF50D-224A-47CD-912E-54570979CBAB}.Debug|x86.ActiveCfg = Debug|Any CPU
		{547BF50D-224A-47CD-912E-54570979CBAB}.Debug|x86.Build.0 = Debug|Any CPU
		{547BF50D-224A-47CD-912E-54570979CBAB}.Release|Any CPU.ActiveCfg = Release|Any CPU
		{547BF50D-224A-47CD-912E-54570979CBAB}.Release|Any CPU.Build.0 = Release|Any CPU
		{547BF50D-224A-47CD-912E-54570979CBAB}.Release|ARM.ActiveCfg = Release|Any CPU
		{547BF50D-224A-47CD-912E-54570979CBAB}.Release|ARM.Build.0 = Release|Any CPU
		{547BF50D-224A-47CD-912E-54570979CBAB}.Release|iPhone.ActiveCfg = Release|Any CPU
		{547BF50D-224A-47CD-912E-54570979CBAB}.Release|iPhone.Build.0 = Release|Any CPU
		{547BF50D-224A-47CD-912E-54570979CBAB}.Release|iPhoneSimulator.ActiveCfg = Release|Any CPU
		{547BF50D-224A-47CD-912E-54570979CBAB}.Release|iPhoneSimulator.Build.0 = Release|Any CPU
		{547BF50D-224A-47CD-912E-54570979CBAB}.Release|x64.ActiveCfg = Release|Any CPU
		{547BF50D-224A-47CD-912E-54570979CBAB}.Release|x64.Build.0 = Release|Any CPU
		{547BF50D-224A-47CD-912E-54570979CBAB}.Release|x86.ActiveCfg = Release|Any CPU
		{547BF50D-224A-47CD-912E-54570979CBAB}.Release|x86.Build.0 = Release|Any CPU
		{FFBFDF32-2A9A-4341-8677-79223A7DC946}.Ad-Hoc|Any CPU.ActiveCfg = Debug|Any CPU
		{FFBFDF32-2A9A-4341-8677-79223A7DC946}.Ad-Hoc|Any CPU.Build.0 = Debug|Any CPU
		{FFBFDF32-2A9A-4341-8677-79223A7DC946}.Ad-Hoc|ARM.ActiveCfg = Debug|Any CPU
		{FFBFDF32-2A9A-4341-8677-79223A7DC946}.Ad-Hoc|ARM.Build.0 = Debug|Any CPU
		{FFBFDF32-2A9A-4341-8677-79223A7DC946}.Ad-Hoc|iPhone.ActiveCfg = Debug|Any CPU
		{FFBFDF32-2A9A-4341-8677-79223A7DC946}.Ad-Hoc|iPhone.Build.0 = Debug|Any CPU
		{FFBFDF32-2A9A-4341-8677-79223A7DC946}.Ad-Hoc|iPhoneSimulator.ActiveCfg = Debug|Any CPU
		{FFBFDF32-2A9A-4341-8677-79223A7DC946}.Ad-Hoc|iPhoneSimulator.Build.0 = Debug|Any CPU
		{FFBFDF32-2A9A-4341-8677-79223A7DC946}.Ad-Hoc|x64.ActiveCfg = Debug|Any CPU
		{FFBFDF32-2A9A-4341-8677-79223A7DC946}.Ad-Hoc|x64.Build.0 = Debug|Any CPU
		{FFBFDF32-2A9A-4341-8677-79223A7DC946}.Ad-Hoc|x86.ActiveCfg = Debug|Any CPU
		{FFBFDF32-2A9A-4341-8677-79223A7DC946}.Ad-Hoc|x86.Build.0 = Debug|Any CPU
		{FFBFDF32-2A9A-4341-8677-79223A7DC946}.AppStore|Any CPU.ActiveCfg = Debug|Any CPU
		{FFBFDF32-2A9A-4341-8677-79223A7DC946}.AppStore|Any CPU.Build.0 = Debug|Any CPU
		{FFBFDF32-2A9A-4341-8677-79223A7DC946}.AppStore|ARM.ActiveCfg = Debug|Any CPU
		{FFBFDF32-2A9A-4341-8677-79223A7DC946}.AppStore|ARM.Build.0 = Debug|Any CPU
		{FFBFDF32-2A9A-4341-8677-79223A7DC946}.AppStore|iPhone.ActiveCfg = Debug|Any CPU
		{FFBFDF32-2A9A-4341-8677-79223A7DC946}.AppStore|iPhone.Build.0 = Debug|Any CPU
		{FFBFDF32-2A9A-4341-8677-79223A7DC946}.AppStore|iPhoneSimulator.ActiveCfg = Debug|Any CPU
		{FFBFDF32-2A9A-4341-8677-79223A7DC946}.AppStore|iPhoneSimulator.Build.0 = Debug|Any CPU
		{FFBFDF32-2A9A-4341-8677-79223A7DC946}.AppStore|x64.ActiveCfg = Debug|Any CPU
		{FFBFDF32-2A9A-4341-8677-79223A7DC946}.AppStore|x64.Build.0 = Debug|Any CPU
		{FFBFDF32-2A9A-4341-8677-79223A7DC946}.AppStore|x86.ActiveCfg = Debug|Any CPU
		{FFBFDF32-2A9A-4341-8677-79223A7DC946}.AppStore|x86.Build.0 = Debug|Any CPU
		{FFBFDF32-2A9A-4341-8677-79223A7DC946}.Debug|Any CPU.ActiveCfg = Debug|Any CPU
		{FFBFDF32-2A9A-4341-8677-79223A7DC946}.Debug|Any CPU.Build.0 = Debug|Any CPU
		{FFBFDF32-2A9A-4341-8677-79223A7DC946}.Debug|ARM.ActiveCfg = Debug|Any CPU
		{FFBFDF32-2A9A-4341-8677-79223A7DC946}.Debug|ARM.Build.0 = Debug|Any CPU
		{FFBFDF32-2A9A-4341-8677-79223A7DC946}.Debug|iPhone.ActiveCfg = Debug|Any CPU
		{FFBFDF32-2A9A-4341-8677-79223A7DC946}.Debug|iPhone.Build.0 = Debug|Any CPU
		{FFBFDF32-2A9A-4341-8677-79223A7DC946}.Debug|iPhoneSimulator.ActiveCfg = Debug|Any CPU
		{FFBFDF32-2A9A-4341-8677-79223A7DC946}.Debug|iPhoneSimulator.Build.0 = Debug|Any CPU
		{FFBFDF32-2A9A-4341-8677-79223A7DC946}.Debug|x64.ActiveCfg = Debug|Any CPU
		{FFBFDF32-2A9A-4341-8677-79223A7DC946}.Debug|x64.Build.0 = Debug|Any CPU
		{FFBFDF32-2A9A-4341-8677-79223A7DC946}.Debug|x86.ActiveCfg = Debug|Any CPU
		{FFBFDF32-2A9A-4341-8677-79223A7DC946}.Debug|x86.Build.0 = Debug|Any CPU
		{FFBFDF32-2A9A-4341-8677-79223A7DC946}.Release|Any CPU.ActiveCfg = Release|Any CPU
		{FFBFDF32-2A9A-4341-8677-79223A7DC946}.Release|Any CPU.Build.0 = Release|Any CPU
		{FFBFDF32-2A9A-4341-8677-79223A7DC946}.Release|ARM.ActiveCfg = Release|Any CPU
		{FFBFDF32-2A9A-4341-8677-79223A7DC946}.Release|ARM.Build.0 = Release|Any CPU
		{FFBFDF32-2A9A-4341-8677-79223A7DC946}.Release|iPhone.ActiveCfg = Release|Any CPU
		{FFBFDF32-2A9A-4341-8677-79223A7DC946}.Release|iPhone.Build.0 = Release|Any CPU
		{FFBFDF32-2A9A-4341-8677-79223A7DC946}.Release|iPhoneSimulator.ActiveCfg = Release|Any CPU
		{FFBFDF32-2A9A-4341-8677-79223A7DC946}.Release|iPhoneSimulator.Build.0 = Release|Any CPU
		{FFBFDF32-2A9A-4341-8677-79223A7DC946}.Release|x64.ActiveCfg = Release|Any CPU
		{FFBFDF32-2A9A-4341-8677-79223A7DC946}.Release|x64.Build.0 = Release|Any CPU
		{FFBFDF32-2A9A-4341-8677-79223A7DC946}.Release|x86.ActiveCfg = Release|Any CPU
		{FFBFDF32-2A9A-4341-8677-79223A7DC946}.Release|x86.Build.0 = Release|Any CPU
		{B640BEC8-E364-4680-B903-8ABF4761088F}.Ad-Hoc|Any CPU.ActiveCfg = Release|Any CPU
		{B640BEC8-E364-4680-B903-8ABF4761088F}.Ad-Hoc|Any CPU.Build.0 = Release|Any CPU
		{B640BEC8-E364-4680-B903-8ABF4761088F}.Ad-Hoc|ARM.ActiveCfg = Release|Any CPU
		{B640BEC8-E364-4680-B903-8ABF4761088F}.Ad-Hoc|ARM.Build.0 = Release|Any CPU
		{B640BEC8-E364-4680-B903-8ABF4761088F}.Ad-Hoc|iPhone.ActiveCfg = Release|Any CPU
		{B640BEC8-E364-4680-B903-8ABF4761088F}.Ad-Hoc|iPhone.Build.0 = Release|Any CPU
		{B640BEC8-E364-4680-B903-8ABF4761088F}.Ad-Hoc|iPhoneSimulator.ActiveCfg = Release|Any CPU
		{B640BEC8-E364-4680-B903-8ABF4761088F}.Ad-Hoc|iPhoneSimulator.Build.0 = Release|Any CPU
		{B640BEC8-E364-4680-B903-8ABF4761088F}.Ad-Hoc|x64.ActiveCfg = Release|Any CPU
		{B640BEC8-E364-4680-B903-8ABF4761088F}.Ad-Hoc|x64.Build.0 = Release|Any CPU
		{B640BEC8-E364-4680-B903-8ABF4761088F}.Ad-Hoc|x86.ActiveCfg = Release|Any CPU
		{B640BEC8-E364-4680-B903-8ABF4761088F}.Ad-Hoc|x86.Build.0 = Release|Any CPU
		{B640BEC8-E364-4680-B903-8ABF4761088F}.AppStore|Any CPU.ActiveCfg = Release|Any CPU
		{B640BEC8-E364-4680-B903-8ABF4761088F}.AppStore|Any CPU.Build.0 = Release|Any CPU
		{B640BEC8-E364-4680-B903-8ABF4761088F}.AppStore|ARM.ActiveCfg = Release|Any CPU
		{B640BEC8-E364-4680-B903-8ABF4761088F}.AppStore|ARM.Build.0 = Release|Any CPU
		{B640BEC8-E364-4680-B903-8ABF4761088F}.AppStore|iPhone.ActiveCfg = Release|Any CPU
		{B640BEC8-E364-4680-B903-8ABF4761088F}.AppStore|iPhone.Build.0 = Release|Any CPU
		{B640BEC8-E364-4680-B903-8ABF4761088F}.AppStore|iPhoneSimulator.ActiveCfg = Release|Any CPU
		{B640BEC8-E364-4680-B903-8ABF4761088F}.AppStore|iPhoneSimulator.Build.0 = Release|Any CPU
		{B640BEC8-E364-4680-B903-8ABF4761088F}.AppStore|x64.ActiveCfg = Release|Any CPU
		{B640BEC8-E364-4680-B903-8ABF4761088F}.AppStore|x64.Build.0 = Release|Any CPU
		{B640BEC8-E364-4680-B903-8ABF4761088F}.AppStore|x86.ActiveCfg = Release|Any CPU
		{B640BEC8-E364-4680-B903-8ABF4761088F}.AppStore|x86.Build.0 = Release|Any CPU
		{B640BEC8-E364-4680-B903-8ABF4761088F}.Debug|Any CPU.ActiveCfg = Debug|Any CPU
		{B640BEC8-E364-4680-B903-8ABF4761088F}.Debug|Any CPU.Build.0 = Debug|Any CPU
		{B640BEC8-E364-4680-B903-8ABF4761088F}.Debug|ARM.ActiveCfg = Debug|Any CPU
		{B640BEC8-E364-4680-B903-8ABF4761088F}.Debug|ARM.Build.0 = Debug|Any CPU
		{B640BEC8-E364-4680-B903-8ABF4761088F}.Debug|iPhone.ActiveCfg = Debug|Any CPU
		{B640BEC8-E364-4680-B903-8ABF4761088F}.Debug|iPhone.Build.0 = Debug|Any CPU
		{B640BEC8-E364-4680-B903-8ABF4761088F}.Debug|iPhoneSimulator.ActiveCfg = Debug|Any CPU
		{B640BEC8-E364-4680-B903-8ABF4761088F}.Debug|iPhoneSimulator.Build.0 = Debug|Any CPU
		{B640BEC8-E364-4680-B903-8ABF4761088F}.Debug|x64.ActiveCfg = Debug|Any CPU
		{B640BEC8-E364-4680-B903-8ABF4761088F}.Debug|x64.Build.0 = Debug|Any CPU
		{B640BEC8-E364-4680-B903-8ABF4761088F}.Debug|x86.ActiveCfg = Debug|Any CPU
		{B640BEC8-E364-4680-B903-8ABF4761088F}.Debug|x86.Build.0 = Debug|Any CPU
		{B640BEC8-E364-4680-B903-8ABF4761088F}.Release|Any CPU.ActiveCfg = Release|Any CPU
		{B640BEC8-E364-4680-B903-8ABF4761088F}.Release|Any CPU.Build.0 = Release|Any CPU
		{B640BEC8-E364-4680-B903-8ABF4761088F}.Release|ARM.ActiveCfg = Release|Any CPU
		{B640BEC8-E364-4680-B903-8ABF4761088F}.Release|ARM.Build.0 = Release|Any CPU
		{B640BEC8-E364-4680-B903-8ABF4761088F}.Release|iPhone.ActiveCfg = Release|Any CPU
		{B640BEC8-E364-4680-B903-8ABF4761088F}.Release|iPhone.Build.0 = Release|Any CPU
		{B640BEC8-E364-4680-B903-8ABF4761088F}.Release|iPhoneSimulator.ActiveCfg = Release|Any CPU
		{B640BEC8-E364-4680-B903-8ABF4761088F}.Release|iPhoneSimulator.Build.0 = Release|Any CPU
		{B640BEC8-E364-4680-B903-8ABF4761088F}.Release|x64.ActiveCfg = Release|Any CPU
		{B640BEC8-E364-4680-B903-8ABF4761088F}.Release|x64.Build.0 = Release|Any CPU
		{B640BEC8-E364-4680-B903-8ABF4761088F}.Release|x86.ActiveCfg = Release|Any CPU
		{B640BEC8-E364-4680-B903-8ABF4761088F}.Release|x86.Build.0 = Release|Any CPU
		{75E16F27-62C5-48E1-B3E8-F6833E7857CD}.Ad-Hoc|Any CPU.ActiveCfg = Debug|Any CPU
		{75E16F27-62C5-48E1-B3E8-F6833E7857CD}.Ad-Hoc|Any CPU.Build.0 = Debug|Any CPU
		{75E16F27-62C5-48E1-B3E8-F6833E7857CD}.Ad-Hoc|ARM.ActiveCfg = Debug|Any CPU
		{75E16F27-62C5-48E1-B3E8-F6833E7857CD}.Ad-Hoc|ARM.Build.0 = Debug|Any CPU
		{75E16F27-62C5-48E1-B3E8-F6833E7857CD}.Ad-Hoc|iPhone.ActiveCfg = Debug|Any CPU
		{75E16F27-62C5-48E1-B3E8-F6833E7857CD}.Ad-Hoc|iPhone.Build.0 = Debug|Any CPU
		{75E16F27-62C5-48E1-B3E8-F6833E7857CD}.Ad-Hoc|iPhoneSimulator.ActiveCfg = Debug|Any CPU
		{75E16F27-62C5-48E1-B3E8-F6833E7857CD}.Ad-Hoc|iPhoneSimulator.Build.0 = Debug|Any CPU
		{75E16F27-62C5-48E1-B3E8-F6833E7857CD}.Ad-Hoc|x64.ActiveCfg = Debug|Any CPU
		{75E16F27-62C5-48E1-B3E8-F6833E7857CD}.Ad-Hoc|x64.Build.0 = Debug|Any CPU
		{75E16F27-62C5-48E1-B3E8-F6833E7857CD}.Ad-Hoc|x86.ActiveCfg = Debug|Any CPU
		{75E16F27-62C5-48E1-B3E8-F6833E7857CD}.Ad-Hoc|x86.Build.0 = Debug|Any CPU
		{75E16F27-62C5-48E1-B3E8-F6833E7857CD}.AppStore|Any CPU.ActiveCfg = Debug|Any CPU
		{75E16F27-62C5-48E1-B3E8-F6833E7857CD}.AppStore|Any CPU.Build.0 = Debug|Any CPU
		{75E16F27-62C5-48E1-B3E8-F6833E7857CD}.AppStore|ARM.ActiveCfg = Debug|Any CPU
		{75E16F27-62C5-48E1-B3E8-F6833E7857CD}.AppStore|ARM.Build.0 = Debug|Any CPU
		{75E16F27-62C5-48E1-B3E8-F6833E7857CD}.AppStore|iPhone.ActiveCfg = Debug|Any CPU
		{75E16F27-62C5-48E1-B3E8-F6833E7857CD}.AppStore|iPhone.Build.0 = Debug|Any CPU
		{75E16F27-62C5-48E1-B3E8-F6833E7857CD}.AppStore|iPhoneSimulator.ActiveCfg = Debug|Any CPU
		{75E16F27-62C5-48E1-B3E8-F6833E7857CD}.AppStore|iPhoneSimulator.Build.0 = Debug|Any CPU
		{75E16F27-62C5-48E1-B3E8-F6833E7857CD}.AppStore|x64.ActiveCfg = Debug|Any CPU
		{75E16F27-62C5-48E1-B3E8-F6833E7857CD}.AppStore|x64.Build.0 = Debug|Any CPU
		{75E16F27-62C5-48E1-B3E8-F6833E7857CD}.AppStore|x86.ActiveCfg = Debug|Any CPU
		{75E16F27-62C5-48E1-B3E8-F6833E7857CD}.AppStore|x86.Build.0 = Debug|Any CPU
		{75E16F27-62C5-48E1-B3E8-F6833E7857CD}.Debug|Any CPU.ActiveCfg = Debug|Any CPU
		{75E16F27-62C5-48E1-B3E8-F6833E7857CD}.Debug|Any CPU.Build.0 = Debug|Any CPU
		{75E16F27-62C5-48E1-B3E8-F6833E7857CD}.Debug|ARM.ActiveCfg = Debug|Any CPU
		{75E16F27-62C5-48E1-B3E8-F6833E7857CD}.Debug|ARM.Build.0 = Debug|Any CPU
		{75E16F27-62C5-48E1-B3E8-F6833E7857CD}.Debug|iPhone.ActiveCfg = Debug|Any CPU
		{75E16F27-62C5-48E1-B3E8-F6833E7857CD}.Debug|iPhone.Build.0 = Debug|Any CPU
		{75E16F27-62C5-48E1-B3E8-F6833E7857CD}.Debug|iPhoneSimulator.ActiveCfg = Debug|Any CPU
		{75E16F27-62C5-48E1-B3E8-F6833E7857CD}.Debug|iPhoneSimulator.Build.0 = Debug|Any CPU
		{75E16F27-62C5-48E1-B3E8-F6833E7857CD}.Debug|x64.ActiveCfg = Debug|Any CPU
		{75E16F27-62C5-48E1-B3E8-F6833E7857CD}.Debug|x64.Build.0 = Debug|Any CPU
		{75E16F27-62C5-48E1-B3E8-F6833E7857CD}.Debug|x86.ActiveCfg = Debug|Any CPU
		{75E16F27-62C5-48E1-B3E8-F6833E7857CD}.Debug|x86.Build.0 = Debug|Any CPU
		{75E16F27-62C5-48E1-B3E8-F6833E7857CD}.Release|Any CPU.ActiveCfg = Release|Any CPU
		{75E16F27-62C5-48E1-B3E8-F6833E7857CD}.Release|Any CPU.Build.0 = Release|Any CPU
		{75E16F27-62C5-48E1-B3E8-F6833E7857CD}.Release|ARM.ActiveCfg = Release|Any CPU
		{75E16F27-62C5-48E1-B3E8-F6833E7857CD}.Release|ARM.Build.0 = Release|Any CPU
		{75E16F27-62C5-48E1-B3E8-F6833E7857CD}.Release|iPhone.ActiveCfg = Release|Any CPU
		{75E16F27-62C5-48E1-B3E8-F6833E7857CD}.Release|iPhone.Build.0 = Release|Any CPU
		{75E16F27-62C5-48E1-B3E8-F6833E7857CD}.Release|iPhoneSimulator.ActiveCfg = Release|Any CPU
		{75E16F27-62C5-48E1-B3E8-F6833E7857CD}.Release|iPhoneSimulator.Build.0 = Release|Any CPU
		{75E16F27-62C5-48E1-B3E8-F6833E7857CD}.Release|x64.ActiveCfg = Release|Any CPU
		{75E16F27-62C5-48E1-B3E8-F6833E7857CD}.Release|x64.Build.0 = Release|Any CPU
		{75E16F27-62C5-48E1-B3E8-F6833E7857CD}.Release|x86.ActiveCfg = Release|Any CPU
		{75E16F27-62C5-48E1-B3E8-F6833E7857CD}.Release|x86.Build.0 = Release|Any CPU
		{1A202E33-0220-4EC0-BA40-289B01CE2FB3}.Ad-Hoc|Any CPU.ActiveCfg = Debug|Any CPU
		{1A202E33-0220-4EC0-BA40-289B01CE2FB3}.Ad-Hoc|Any CPU.Build.0 = Debug|Any CPU
		{1A202E33-0220-4EC0-BA40-289B01CE2FB3}.Ad-Hoc|ARM.ActiveCfg = Debug|Any CPU
		{1A202E33-0220-4EC0-BA40-289B01CE2FB3}.Ad-Hoc|ARM.Build.0 = Debug|Any CPU
		{1A202E33-0220-4EC0-BA40-289B01CE2FB3}.Ad-Hoc|iPhone.ActiveCfg = Debug|Any CPU
		{1A202E33-0220-4EC0-BA40-289B01CE2FB3}.Ad-Hoc|iPhone.Build.0 = Debug|Any CPU
		{1A202E33-0220-4EC0-BA40-289B01CE2FB3}.Ad-Hoc|iPhoneSimulator.ActiveCfg = Debug|Any CPU
		{1A202E33-0220-4EC0-BA40-289B01CE2FB3}.Ad-Hoc|iPhoneSimulator.Build.0 = Debug|Any CPU
		{1A202E33-0220-4EC0-BA40-289B01CE2FB3}.Ad-Hoc|x64.ActiveCfg = Debug|Any CPU
		{1A202E33-0220-4EC0-BA40-289B01CE2FB3}.Ad-Hoc|x64.Build.0 = Debug|Any CPU
		{1A202E33-0220-4EC0-BA40-289B01CE2FB3}.Ad-Hoc|x86.ActiveCfg = Debug|Any CPU
		{1A202E33-0220-4EC0-BA40-289B01CE2FB3}.Ad-Hoc|x86.Build.0 = Debug|Any CPU
		{1A202E33-0220-4EC0-BA40-289B01CE2FB3}.AppStore|Any CPU.ActiveCfg = Debug|Any CPU
		{1A202E33-0220-4EC0-BA40-289B01CE2FB3}.AppStore|Any CPU.Build.0 = Debug|Any CPU
		{1A202E33-0220-4EC0-BA40-289B01CE2FB3}.AppStore|ARM.ActiveCfg = Debug|Any CPU
		{1A202E33-0220-4EC0-BA40-289B01CE2FB3}.AppStore|ARM.Build.0 = Debug|Any CPU
		{1A202E33-0220-4EC0-BA40-289B01CE2FB3}.AppStore|iPhone.ActiveCfg = Debug|Any CPU
		{1A202E33-0220-4EC0-BA40-289B01CE2FB3}.AppStore|iPhone.Build.0 = Debug|Any CPU
		{1A202E33-0220-4EC0-BA40-289B01CE2FB3}.AppStore|iPhoneSimulator.ActiveCfg = Debug|Any CPU
		{1A202E33-0220-4EC0-BA40-289B01CE2FB3}.AppStore|iPhoneSimulator.Build.0 = Debug|Any CPU
		{1A202E33-0220-4EC0-BA40-289B01CE2FB3}.AppStore|x64.ActiveCfg = Debug|Any CPU
		{1A202E33-0220-4EC0-BA40-289B01CE2FB3}.AppStore|x64.Build.0 = Debug|Any CPU
		{1A202E33-0220-4EC0-BA40-289B01CE2FB3}.AppStore|x86.ActiveCfg = Debug|Any CPU
		{1A202E33-0220-4EC0-BA40-289B01CE2FB3}.AppStore|x86.Build.0 = Debug|Any CPU
		{1A202E33-0220-4EC0-BA40-289B01CE2FB3}.Debug|Any CPU.ActiveCfg = Debug|Any CPU
		{1A202E33-0220-4EC0-BA40-289B01CE2FB3}.Debug|Any CPU.Build.0 = Debug|Any CPU
		{1A202E33-0220-4EC0-BA40-289B01CE2FB3}.Debug|ARM.ActiveCfg = Debug|Any CPU
		{1A202E33-0220-4EC0-BA40-289B01CE2FB3}.Debug|ARM.Build.0 = Debug|Any CPU
		{1A202E33-0220-4EC0-BA40-289B01CE2FB3}.Debug|iPhone.ActiveCfg = Debug|Any CPU
		{1A202E33-0220-4EC0-BA40-289B01CE2FB3}.Debug|iPhone.Build.0 = Debug|Any CPU
		{1A202E33-0220-4EC0-BA40-289B01CE2FB3}.Debug|iPhoneSimulator.ActiveCfg = Debug|Any CPU
		{1A202E33-0220-4EC0-BA40-289B01CE2FB3}.Debug|iPhoneSimulator.Build.0 = Debug|Any CPU
		{1A202E33-0220-4EC0-BA40-289B01CE2FB3}.Debug|x64.ActiveCfg = Debug|Any CPU
		{1A202E33-0220-4EC0-BA40-289B01CE2FB3}.Debug|x64.Build.0 = Debug|Any CPU
		{1A202E33-0220-4EC0-BA40-289B01CE2FB3}.Debug|x86.ActiveCfg = Debug|Any CPU
		{1A202E33-0220-4EC0-BA40-289B01CE2FB3}.Debug|x86.Build.0 = Debug|Any CPU
		{1A202E33-0220-4EC0-BA40-289B01CE2FB3}.Release|Any CPU.ActiveCfg = Release|Any CPU
		{1A202E33-0220-4EC0-BA40-289B01CE2FB3}.Release|Any CPU.Build.0 = Release|Any CPU
		{1A202E33-0220-4EC0-BA40-289B01CE2FB3}.Release|ARM.ActiveCfg = Release|Any CPU
		{1A202E33-0220-4EC0-BA40-289B01CE2FB3}.Release|ARM.Build.0 = Release|Any CPU
		{1A202E33-0220-4EC0-BA40-289B01CE2FB3}.Release|iPhone.ActiveCfg = Release|Any CPU
		{1A202E33-0220-4EC0-BA40-289B01CE2FB3}.Release|iPhone.Build.0 = Release|Any CPU
		{1A202E33-0220-4EC0-BA40-289B01CE2FB3}.Release|iPhoneSimulator.ActiveCfg = Release|Any CPU
		{1A202E33-0220-4EC0-BA40-289B01CE2FB3}.Release|iPhoneSimulator.Build.0 = Release|Any CPU
		{1A202E33-0220-4EC0-BA40-289B01CE2FB3}.Release|x64.ActiveCfg = Release|Any CPU
		{1A202E33-0220-4EC0-BA40-289B01CE2FB3}.Release|x64.Build.0 = Release|Any CPU
		{1A202E33-0220-4EC0-BA40-289B01CE2FB3}.Release|x86.ActiveCfg = Release|Any CPU
		{1A202E33-0220-4EC0-BA40-289B01CE2FB3}.Release|x86.Build.0 = Release|Any CPU
		{CF60E224-D56F-4F5A-908A-07BEAE6EDD66}.Ad-Hoc|Any CPU.ActiveCfg = Release|Any CPU
		{CF60E224-D56F-4F5A-908A-07BEAE6EDD66}.Ad-Hoc|Any CPU.Build.0 = Release|Any CPU
		{CF60E224-D56F-4F5A-908A-07BEAE6EDD66}.Ad-Hoc|Any CPU.Deploy.0 = Release|Any CPU
		{CF60E224-D56F-4F5A-908A-07BEAE6EDD66}.Ad-Hoc|ARM.ActiveCfg = Release|Any CPU
		{CF60E224-D56F-4F5A-908A-07BEAE6EDD66}.Ad-Hoc|ARM.Build.0 = Release|Any CPU
		{CF60E224-D56F-4F5A-908A-07BEAE6EDD66}.Ad-Hoc|ARM.Deploy.0 = Release|Any CPU
		{CF60E224-D56F-4F5A-908A-07BEAE6EDD66}.Ad-Hoc|iPhone.ActiveCfg = Release|Any CPU
		{CF60E224-D56F-4F5A-908A-07BEAE6EDD66}.Ad-Hoc|iPhone.Build.0 = Release|Any CPU
		{CF60E224-D56F-4F5A-908A-07BEAE6EDD66}.Ad-Hoc|iPhone.Deploy.0 = Release|Any CPU
		{CF60E224-D56F-4F5A-908A-07BEAE6EDD66}.Ad-Hoc|iPhoneSimulator.ActiveCfg = Release|Any CPU
		{CF60E224-D56F-4F5A-908A-07BEAE6EDD66}.Ad-Hoc|iPhoneSimulator.Build.0 = Release|Any CPU
		{CF60E224-D56F-4F5A-908A-07BEAE6EDD66}.Ad-Hoc|iPhoneSimulator.Deploy.0 = Release|Any CPU
		{CF60E224-D56F-4F5A-908A-07BEAE6EDD66}.Ad-Hoc|x64.ActiveCfg = Release|Any CPU
		{CF60E224-D56F-4F5A-908A-07BEAE6EDD66}.Ad-Hoc|x64.Build.0 = Release|Any CPU
		{CF60E224-D56F-4F5A-908A-07BEAE6EDD66}.Ad-Hoc|x64.Deploy.0 = Release|Any CPU
		{CF60E224-D56F-4F5A-908A-07BEAE6EDD66}.Ad-Hoc|x86.ActiveCfg = Release|Any CPU
		{CF60E224-D56F-4F5A-908A-07BEAE6EDD66}.Ad-Hoc|x86.Build.0 = Release|Any CPU
		{CF60E224-D56F-4F5A-908A-07BEAE6EDD66}.Ad-Hoc|x86.Deploy.0 = Release|Any CPU
		{CF60E224-D56F-4F5A-908A-07BEAE6EDD66}.AppStore|Any CPU.ActiveCfg = Release|Any CPU
		{CF60E224-D56F-4F5A-908A-07BEAE6EDD66}.AppStore|Any CPU.Build.0 = Release|Any CPU
		{CF60E224-D56F-4F5A-908A-07BEAE6EDD66}.AppStore|Any CPU.Deploy.0 = Release|Any CPU
		{CF60E224-D56F-4F5A-908A-07BEAE6EDD66}.AppStore|ARM.ActiveCfg = Release|Any CPU
		{CF60E224-D56F-4F5A-908A-07BEAE6EDD66}.AppStore|ARM.Build.0 = Release|Any CPU
		{CF60E224-D56F-4F5A-908A-07BEAE6EDD66}.AppStore|ARM.Deploy.0 = Release|Any CPU
		{CF60E224-D56F-4F5A-908A-07BEAE6EDD66}.AppStore|iPhone.ActiveCfg = Release|Any CPU
		{CF60E224-D56F-4F5A-908A-07BEAE6EDD66}.AppStore|iPhone.Build.0 = Release|Any CPU
		{CF60E224-D56F-4F5A-908A-07BEAE6EDD66}.AppStore|iPhone.Deploy.0 = Release|Any CPU
		{CF60E224-D56F-4F5A-908A-07BEAE6EDD66}.AppStore|iPhoneSimulator.ActiveCfg = Release|Any CPU
		{CF60E224-D56F-4F5A-908A-07BEAE6EDD66}.AppStore|iPhoneSimulator.Build.0 = Release|Any CPU
		{CF60E224-D56F-4F5A-908A-07BEAE6EDD66}.AppStore|iPhoneSimulator.Deploy.0 = Release|Any CPU
		{CF60E224-D56F-4F5A-908A-07BEAE6EDD66}.AppStore|x64.ActiveCfg = Release|Any CPU
		{CF60E224-D56F-4F5A-908A-07BEAE6EDD66}.AppStore|x64.Build.0 = Release|Any CPU
		{CF60E224-D56F-4F5A-908A-07BEAE6EDD66}.AppStore|x64.Deploy.0 = Release|Any CPU
		{CF60E224-D56F-4F5A-908A-07BEAE6EDD66}.AppStore|x86.ActiveCfg = Release|Any CPU
		{CF60E224-D56F-4F5A-908A-07BEAE6EDD66}.AppStore|x86.Build.0 = Release|Any CPU
		{CF60E224-D56F-4F5A-908A-07BEAE6EDD66}.AppStore|x86.Deploy.0 = Release|Any CPU
		{CF60E224-D56F-4F5A-908A-07BEAE6EDD66}.Debug|Any CPU.ActiveCfg = Debug|Any CPU
		{CF60E224-D56F-4F5A-908A-07BEAE6EDD66}.Debug|Any CPU.Build.0 = Debug|Any CPU
		{CF60E224-D56F-4F5A-908A-07BEAE6EDD66}.Debug|Any CPU.Deploy.0 = Debug|Any CPU
		{CF60E224-D56F-4F5A-908A-07BEAE6EDD66}.Debug|ARM.ActiveCfg = Debug|Any CPU
		{CF60E224-D56F-4F5A-908A-07BEAE6EDD66}.Debug|ARM.Build.0 = Debug|Any CPU
		{CF60E224-D56F-4F5A-908A-07BEAE6EDD66}.Debug|ARM.Deploy.0 = Debug|Any CPU
		{CF60E224-D56F-4F5A-908A-07BEAE6EDD66}.Debug|iPhone.ActiveCfg = Debug|Any CPU
		{CF60E224-D56F-4F5A-908A-07BEAE6EDD66}.Debug|iPhone.Build.0 = Debug|Any CPU
		{CF60E224-D56F-4F5A-908A-07BEAE6EDD66}.Debug|iPhone.Deploy.0 = Debug|Any CPU
		{CF60E224-D56F-4F5A-908A-07BEAE6EDD66}.Debug|iPhoneSimulator.ActiveCfg = Debug|Any CPU
		{CF60E224-D56F-4F5A-908A-07BEAE6EDD66}.Debug|iPhoneSimulator.Build.0 = Debug|Any CPU
		{CF60E224-D56F-4F5A-908A-07BEAE6EDD66}.Debug|iPhoneSimulator.Deploy.0 = Debug|Any CPU
		{CF60E224-D56F-4F5A-908A-07BEAE6EDD66}.Debug|x64.ActiveCfg = Debug|Any CPU
		{CF60E224-D56F-4F5A-908A-07BEAE6EDD66}.Debug|x64.Build.0 = Debug|Any CPU
		{CF60E224-D56F-4F5A-908A-07BEAE6EDD66}.Debug|x64.Deploy.0 = Debug|Any CPU
		{CF60E224-D56F-4F5A-908A-07BEAE6EDD66}.Debug|x86.ActiveCfg = Debug|Any CPU
		{CF60E224-D56F-4F5A-908A-07BEAE6EDD66}.Debug|x86.Build.0 = Debug|Any CPU
		{CF60E224-D56F-4F5A-908A-07BEAE6EDD66}.Debug|x86.Deploy.0 = Debug|Any CPU
		{CF60E224-D56F-4F5A-908A-07BEAE6EDD66}.Release|Any CPU.ActiveCfg = Release|Any CPU
		{CF60E224-D56F-4F5A-908A-07BEAE6EDD66}.Release|Any CPU.Build.0 = Release|Any CPU
		{CF60E224-D56F-4F5A-908A-07BEAE6EDD66}.Release|Any CPU.Deploy.0 = Release|Any CPU
		{CF60E224-D56F-4F5A-908A-07BEAE6EDD66}.Release|ARM.ActiveCfg = Release|Any CPU
		{CF60E224-D56F-4F5A-908A-07BEAE6EDD66}.Release|ARM.Build.0 = Release|Any CPU
		{CF60E224-D56F-4F5A-908A-07BEAE6EDD66}.Release|ARM.Deploy.0 = Release|Any CPU
		{CF60E224-D56F-4F5A-908A-07BEAE6EDD66}.Release|iPhone.ActiveCfg = Release|Any CPU
		{CF60E224-D56F-4F5A-908A-07BEAE6EDD66}.Release|iPhone.Build.0 = Release|Any CPU
		{CF60E224-D56F-4F5A-908A-07BEAE6EDD66}.Release|iPhone.Deploy.0 = Release|Any CPU
		{CF60E224-D56F-4F5A-908A-07BEAE6EDD66}.Release|iPhoneSimulator.ActiveCfg = Release|Any CPU
		{CF60E224-D56F-4F5A-908A-07BEAE6EDD66}.Release|iPhoneSimulator.Build.0 = Release|Any CPU
		{CF60E224-D56F-4F5A-908A-07BEAE6EDD66}.Release|iPhoneSimulator.Deploy.0 = Release|Any CPU
		{CF60E224-D56F-4F5A-908A-07BEAE6EDD66}.Release|x64.ActiveCfg = Release|Any CPU
		{CF60E224-D56F-4F5A-908A-07BEAE6EDD66}.Release|x64.Build.0 = Release|Any CPU
		{CF60E224-D56F-4F5A-908A-07BEAE6EDD66}.Release|x64.Deploy.0 = Release|Any CPU
		{CF60E224-D56F-4F5A-908A-07BEAE6EDD66}.Release|x86.ActiveCfg = Release|Any CPU
		{CF60E224-D56F-4F5A-908A-07BEAE6EDD66}.Release|x86.Build.0 = Release|Any CPU
		{CF60E224-D56F-4F5A-908A-07BEAE6EDD66}.Release|x86.Deploy.0 = Release|Any CPU
		{09AEEEE4-0C8B-4847-8A72-5FACC4C8A7BC}.Ad-Hoc|Any CPU.ActiveCfg = Ad-Hoc|iPhone
		{09AEEEE4-0C8B-4847-8A72-5FACC4C8A7BC}.Ad-Hoc|ARM.ActiveCfg = Ad-Hoc|iPhone
		{09AEEEE4-0C8B-4847-8A72-5FACC4C8A7BC}.Ad-Hoc|iPhone.ActiveCfg = Ad-Hoc|iPhone
		{09AEEEE4-0C8B-4847-8A72-5FACC4C8A7BC}.Ad-Hoc|iPhone.Build.0 = Ad-Hoc|iPhone
		{09AEEEE4-0C8B-4847-8A72-5FACC4C8A7BC}.Ad-Hoc|iPhoneSimulator.ActiveCfg = Ad-Hoc|iPhoneSimulator
		{09AEEEE4-0C8B-4847-8A72-5FACC4C8A7BC}.Ad-Hoc|iPhoneSimulator.Build.0 = Ad-Hoc|iPhoneSimulator
		{09AEEEE4-0C8B-4847-8A72-5FACC4C8A7BC}.Ad-Hoc|x64.ActiveCfg = Ad-Hoc|iPhone
		{09AEEEE4-0C8B-4847-8A72-5FACC4C8A7BC}.Ad-Hoc|x86.ActiveCfg = Ad-Hoc|iPhone
		{09AEEEE4-0C8B-4847-8A72-5FACC4C8A7BC}.AppStore|Any CPU.ActiveCfg = AppStore|iPhone
		{09AEEEE4-0C8B-4847-8A72-5FACC4C8A7BC}.AppStore|ARM.ActiveCfg = AppStore|iPhone
		{09AEEEE4-0C8B-4847-8A72-5FACC4C8A7BC}.AppStore|iPhone.ActiveCfg = AppStore|iPhone
		{09AEEEE4-0C8B-4847-8A72-5FACC4C8A7BC}.AppStore|iPhone.Build.0 = AppStore|iPhone
		{09AEEEE4-0C8B-4847-8A72-5FACC4C8A7BC}.AppStore|iPhoneSimulator.ActiveCfg = AppStore|iPhoneSimulator
		{09AEEEE4-0C8B-4847-8A72-5FACC4C8A7BC}.AppStore|iPhoneSimulator.Build.0 = AppStore|iPhoneSimulator
		{09AEEEE4-0C8B-4847-8A72-5FACC4C8A7BC}.AppStore|x64.ActiveCfg = AppStore|iPhone
		{09AEEEE4-0C8B-4847-8A72-5FACC4C8A7BC}.AppStore|x86.ActiveCfg = AppStore|iPhone
		{09AEEEE4-0C8B-4847-8A72-5FACC4C8A7BC}.Debug|Any CPU.ActiveCfg = Debug|iPhone
		{09AEEEE4-0C8B-4847-8A72-5FACC4C8A7BC}.Debug|ARM.ActiveCfg = Debug|iPhone
		{09AEEEE4-0C8B-4847-8A72-5FACC4C8A7BC}.Debug|iPhone.ActiveCfg = Debug|iPhone
		{09AEEEE4-0C8B-4847-8A72-5FACC4C8A7BC}.Debug|iPhone.Build.0 = Debug|iPhone
		{09AEEEE4-0C8B-4847-8A72-5FACC4C8A7BC}.Debug|iPhoneSimulator.ActiveCfg = Debug|iPhoneSimulator
		{09AEEEE4-0C8B-4847-8A72-5FACC4C8A7BC}.Debug|iPhoneSimulator.Build.0 = Debug|iPhoneSimulator
		{09AEEEE4-0C8B-4847-8A72-5FACC4C8A7BC}.Debug|x64.ActiveCfg = Debug|iPhone
		{09AEEEE4-0C8B-4847-8A72-5FACC4C8A7BC}.Debug|x86.ActiveCfg = Debug|iPhone
		{09AEEEE4-0C8B-4847-8A72-5FACC4C8A7BC}.Release|Any CPU.ActiveCfg = Release|iPhone
		{09AEEEE4-0C8B-4847-8A72-5FACC4C8A7BC}.Release|ARM.ActiveCfg = Release|iPhone
		{09AEEEE4-0C8B-4847-8A72-5FACC4C8A7BC}.Release|iPhone.ActiveCfg = Release|iPhone
		{09AEEEE4-0C8B-4847-8A72-5FACC4C8A7BC}.Release|iPhone.Build.0 = Release|iPhone
		{09AEEEE4-0C8B-4847-8A72-5FACC4C8A7BC}.Release|iPhoneSimulator.ActiveCfg = Release|iPhoneSimulator
		{09AEEEE4-0C8B-4847-8A72-5FACC4C8A7BC}.Release|iPhoneSimulator.Build.0 = Release|iPhoneSimulator
		{09AEEEE4-0C8B-4847-8A72-5FACC4C8A7BC}.Release|x64.ActiveCfg = Release|iPhone
		{09AEEEE4-0C8B-4847-8A72-5FACC4C8A7BC}.Release|x86.ActiveCfg = Release|iPhone
		{22FB6C4C-F728-4295-BAF2-99BEA91965DF}.Ad-Hoc|Any CPU.ActiveCfg = Release|x86
		{22FB6C4C-F728-4295-BAF2-99BEA91965DF}.Ad-Hoc|Any CPU.Build.0 = Release|x86
		{22FB6C4C-F728-4295-BAF2-99BEA91965DF}.Ad-Hoc|Any CPU.Deploy.0 = Release|x86
		{22FB6C4C-F728-4295-BAF2-99BEA91965DF}.Ad-Hoc|ARM.ActiveCfg = Release|ARM
		{22FB6C4C-F728-4295-BAF2-99BEA91965DF}.Ad-Hoc|ARM.Build.0 = Release|ARM
		{22FB6C4C-F728-4295-BAF2-99BEA91965DF}.Ad-Hoc|ARM.Deploy.0 = Release|ARM
		{22FB6C4C-F728-4295-BAF2-99BEA91965DF}.Ad-Hoc|iPhone.ActiveCfg = Release|x86
		{22FB6C4C-F728-4295-BAF2-99BEA91965DF}.Ad-Hoc|iPhone.Build.0 = Release|x86
		{22FB6C4C-F728-4295-BAF2-99BEA91965DF}.Ad-Hoc|iPhone.Deploy.0 = Release|x86
		{22FB6C4C-F728-4295-BAF2-99BEA91965DF}.Ad-Hoc|iPhoneSimulator.ActiveCfg = Release|x86
		{22FB6C4C-F728-4295-BAF2-99BEA91965DF}.Ad-Hoc|iPhoneSimulator.Build.0 = Release|x86
		{22FB6C4C-F728-4295-BAF2-99BEA91965DF}.Ad-Hoc|iPhoneSimulator.Deploy.0 = Release|x86
		{22FB6C4C-F728-4295-BAF2-99BEA91965DF}.Ad-Hoc|x64.ActiveCfg = Release|x64
		{22FB6C4C-F728-4295-BAF2-99BEA91965DF}.Ad-Hoc|x64.Build.0 = Release|x64
		{22FB6C4C-F728-4295-BAF2-99BEA91965DF}.Ad-Hoc|x64.Deploy.0 = Release|x64
		{22FB6C4C-F728-4295-BAF2-99BEA91965DF}.Ad-Hoc|x86.ActiveCfg = Release|x86
		{22FB6C4C-F728-4295-BAF2-99BEA91965DF}.Ad-Hoc|x86.Build.0 = Release|x86
		{22FB6C4C-F728-4295-BAF2-99BEA91965DF}.Ad-Hoc|x86.Deploy.0 = Release|x86
		{22FB6C4C-F728-4295-BAF2-99BEA91965DF}.AppStore|Any CPU.ActiveCfg = Release|x86
		{22FB6C4C-F728-4295-BAF2-99BEA91965DF}.AppStore|Any CPU.Build.0 = Release|x86
		{22FB6C4C-F728-4295-BAF2-99BEA91965DF}.AppStore|Any CPU.Deploy.0 = Release|x86
		{22FB6C4C-F728-4295-BAF2-99BEA91965DF}.AppStore|ARM.ActiveCfg = Release|ARM
		{22FB6C4C-F728-4295-BAF2-99BEA91965DF}.AppStore|ARM.Build.0 = Release|ARM
		{22FB6C4C-F728-4295-BAF2-99BEA91965DF}.AppStore|ARM.Deploy.0 = Release|ARM
		{22FB6C4C-F728-4295-BAF2-99BEA91965DF}.AppStore|iPhone.ActiveCfg = Release|x86
		{22FB6C4C-F728-4295-BAF2-99BEA91965DF}.AppStore|iPhone.Build.0 = Release|x86
		{22FB6C4C-F728-4295-BAF2-99BEA91965DF}.AppStore|iPhone.Deploy.0 = Release|x86
		{22FB6C4C-F728-4295-BAF2-99BEA91965DF}.AppStore|iPhoneSimulator.ActiveCfg = Release|x86
		{22FB6C4C-F728-4295-BAF2-99BEA91965DF}.AppStore|iPhoneSimulator.Build.0 = Release|x86
		{22FB6C4C-F728-4295-BAF2-99BEA91965DF}.AppStore|iPhoneSimulator.Deploy.0 = Release|x86
		{22FB6C4C-F728-4295-BAF2-99BEA91965DF}.AppStore|x64.ActiveCfg = Release|x64
		{22FB6C4C-F728-4295-BAF2-99BEA91965DF}.AppStore|x64.Build.0 = Release|x64
		{22FB6C4C-F728-4295-BAF2-99BEA91965DF}.AppStore|x64.Deploy.0 = Release|x64
		{22FB6C4C-F728-4295-BAF2-99BEA91965DF}.AppStore|x86.ActiveCfg = Release|x86
		{22FB6C4C-F728-4295-BAF2-99BEA91965DF}.AppStore|x86.Build.0 = Release|x86
		{22FB6C4C-F728-4295-BAF2-99BEA91965DF}.AppStore|x86.Deploy.0 = Release|x86
		{22FB6C4C-F728-4295-BAF2-99BEA91965DF}.Debug|Any CPU.ActiveCfg = Debug|x86
		{22FB6C4C-F728-4295-BAF2-99BEA91965DF}.Debug|ARM.ActiveCfg = Debug|ARM
		{22FB6C4C-F728-4295-BAF2-99BEA91965DF}.Debug|ARM.Build.0 = Debug|ARM
		{22FB6C4C-F728-4295-BAF2-99BEA91965DF}.Debug|ARM.Deploy.0 = Debug|ARM
		{22FB6C4C-F728-4295-BAF2-99BEA91965DF}.Debug|iPhone.ActiveCfg = Debug|x86
		{22FB6C4C-F728-4295-BAF2-99BEA91965DF}.Debug|iPhoneSimulator.ActiveCfg = Debug|x86
		{22FB6C4C-F728-4295-BAF2-99BEA91965DF}.Debug|x64.ActiveCfg = Debug|x64
		{22FB6C4C-F728-4295-BAF2-99BEA91965DF}.Debug|x64.Build.0 = Debug|x64
		{22FB6C4C-F728-4295-BAF2-99BEA91965DF}.Debug|x64.Deploy.0 = Debug|x64
		{22FB6C4C-F728-4295-BAF2-99BEA91965DF}.Debug|x86.ActiveCfg = Debug|x86
		{22FB6C4C-F728-4295-BAF2-99BEA91965DF}.Debug|x86.Build.0 = Debug|x86
		{22FB6C4C-F728-4295-BAF2-99BEA91965DF}.Debug|x86.Deploy.0 = Debug|x86
		{22FB6C4C-F728-4295-BAF2-99BEA91965DF}.Release|Any CPU.ActiveCfg = Release|x86
		{22FB6C4C-F728-4295-BAF2-99BEA91965DF}.Release|ARM.ActiveCfg = Release|ARM
		{22FB6C4C-F728-4295-BAF2-99BEA91965DF}.Release|ARM.Build.0 = Release|ARM
		{22FB6C4C-F728-4295-BAF2-99BEA91965DF}.Release|ARM.Deploy.0 = Release|ARM
		{22FB6C4C-F728-4295-BAF2-99BEA91965DF}.Release|iPhone.ActiveCfg = Release|x86
		{22FB6C4C-F728-4295-BAF2-99BEA91965DF}.Release|iPhoneSimulator.ActiveCfg = Release|x86
		{22FB6C4C-F728-4295-BAF2-99BEA91965DF}.Release|x64.ActiveCfg = Release|x64
		{22FB6C4C-F728-4295-BAF2-99BEA91965DF}.Release|x64.Build.0 = Release|x64
		{22FB6C4C-F728-4295-BAF2-99BEA91965DF}.Release|x64.Deploy.0 = Release|x64
		{22FB6C4C-F728-4295-BAF2-99BEA91965DF}.Release|x86.ActiveCfg = Release|x86
		{22FB6C4C-F728-4295-BAF2-99BEA91965DF}.Release|x86.Build.0 = Release|x86
		{22FB6C4C-F728-4295-BAF2-99BEA91965DF}.Release|x86.Deploy.0 = Release|x86
		{031EDA65-2CEE-40BE-BE13-5DA7124702C0}.Ad-Hoc|Any CPU.ActiveCfg = Debug|Any CPU
		{031EDA65-2CEE-40BE-BE13-5DA7124702C0}.Ad-Hoc|Any CPU.Build.0 = Debug|Any CPU
		{031EDA65-2CEE-40BE-BE13-5DA7124702C0}.Ad-Hoc|ARM.ActiveCfg = Debug|Any CPU
		{031EDA65-2CEE-40BE-BE13-5DA7124702C0}.Ad-Hoc|ARM.Build.0 = Debug|Any CPU
		{031EDA65-2CEE-40BE-BE13-5DA7124702C0}.Ad-Hoc|iPhone.ActiveCfg = Debug|Any CPU
		{031EDA65-2CEE-40BE-BE13-5DA7124702C0}.Ad-Hoc|iPhone.Build.0 = Debug|Any CPU
		{031EDA65-2CEE-40BE-BE13-5DA7124702C0}.Ad-Hoc|iPhoneSimulator.ActiveCfg = Debug|Any CPU
		{031EDA65-2CEE-40BE-BE13-5DA7124702C0}.Ad-Hoc|iPhoneSimulator.Build.0 = Debug|Any CPU
		{031EDA65-2CEE-40BE-BE13-5DA7124702C0}.Ad-Hoc|x64.ActiveCfg = Debug|Any CPU
		{031EDA65-2CEE-40BE-BE13-5DA7124702C0}.Ad-Hoc|x64.Build.0 = Debug|Any CPU
		{031EDA65-2CEE-40BE-BE13-5DA7124702C0}.Ad-Hoc|x86.ActiveCfg = Debug|Any CPU
		{031EDA65-2CEE-40BE-BE13-5DA7124702C0}.Ad-Hoc|x86.Build.0 = Debug|Any CPU
		{031EDA65-2CEE-40BE-BE13-5DA7124702C0}.AppStore|Any CPU.ActiveCfg = Debug|Any CPU
		{031EDA65-2CEE-40BE-BE13-5DA7124702C0}.AppStore|Any CPU.Build.0 = Debug|Any CPU
		{031EDA65-2CEE-40BE-BE13-5DA7124702C0}.AppStore|ARM.ActiveCfg = Debug|Any CPU
		{031EDA65-2CEE-40BE-BE13-5DA7124702C0}.AppStore|ARM.Build.0 = Debug|Any CPU
		{031EDA65-2CEE-40BE-BE13-5DA7124702C0}.AppStore|iPhone.ActiveCfg = Debug|Any CPU
		{031EDA65-2CEE-40BE-BE13-5DA7124702C0}.AppStore|iPhone.Build.0 = Debug|Any CPU
		{031EDA65-2CEE-40BE-BE13-5DA7124702C0}.AppStore|iPhoneSimulator.ActiveCfg = Debug|Any CPU
		{031EDA65-2CEE-40BE-BE13-5DA7124702C0}.AppStore|iPhoneSimulator.Build.0 = Debug|Any CPU
		{031EDA65-2CEE-40BE-BE13-5DA7124702C0}.AppStore|x64.ActiveCfg = Debug|Any CPU
		{031EDA65-2CEE-40BE-BE13-5DA7124702C0}.AppStore|x64.Build.0 = Debug|Any CPU
		{031EDA65-2CEE-40BE-BE13-5DA7124702C0}.AppStore|x86.ActiveCfg = Debug|Any CPU
		{031EDA65-2CEE-40BE-BE13-5DA7124702C0}.AppStore|x86.Build.0 = Debug|Any CPU
		{031EDA65-2CEE-40BE-BE13-5DA7124702C0}.Debug|Any CPU.ActiveCfg = Debug|Any CPU
		{031EDA65-2CEE-40BE-BE13-5DA7124702C0}.Debug|Any CPU.Build.0 = Debug|Any CPU
		{031EDA65-2CEE-40BE-BE13-5DA7124702C0}.Debug|ARM.ActiveCfg = Debug|Any CPU
		{031EDA65-2CEE-40BE-BE13-5DA7124702C0}.Debug|ARM.Build.0 = Debug|Any CPU
		{031EDA65-2CEE-40BE-BE13-5DA7124702C0}.Debug|iPhone.ActiveCfg = Debug|Any CPU
		{031EDA65-2CEE-40BE-BE13-5DA7124702C0}.Debug|iPhone.Build.0 = Debug|Any CPU
		{031EDA65-2CEE-40BE-BE13-5DA7124702C0}.Debug|iPhoneSimulator.ActiveCfg = Debug|Any CPU
		{031EDA65-2CEE-40BE-BE13-5DA7124702C0}.Debug|iPhoneSimulator.Build.0 = Debug|Any CPU
		{031EDA65-2CEE-40BE-BE13-5DA7124702C0}.Debug|x64.ActiveCfg = Debug|Any CPU
		{031EDA65-2CEE-40BE-BE13-5DA7124702C0}.Debug|x64.Build.0 = Debug|Any CPU
		{031EDA65-2CEE-40BE-BE13-5DA7124702C0}.Debug|x86.ActiveCfg = Debug|Any CPU
		{031EDA65-2CEE-40BE-BE13-5DA7124702C0}.Debug|x86.Build.0 = Debug|Any CPU
		{031EDA65-2CEE-40BE-BE13-5DA7124702C0}.Release|Any CPU.ActiveCfg = Release|Any CPU
		{031EDA65-2CEE-40BE-BE13-5DA7124702C0}.Release|Any CPU.Build.0 = Release|Any CPU
		{031EDA65-2CEE-40BE-BE13-5DA7124702C0}.Release|ARM.ActiveCfg = Release|Any CPU
		{031EDA65-2CEE-40BE-BE13-5DA7124702C0}.Release|ARM.Build.0 = Release|Any CPU
		{031EDA65-2CEE-40BE-BE13-5DA7124702C0}.Release|iPhone.ActiveCfg = Release|Any CPU
		{031EDA65-2CEE-40BE-BE13-5DA7124702C0}.Release|iPhone.Build.0 = Release|Any CPU
		{031EDA65-2CEE-40BE-BE13-5DA7124702C0}.Release|iPhoneSimulator.ActiveCfg = Release|Any CPU
		{031EDA65-2CEE-40BE-BE13-5DA7124702C0}.Release|iPhoneSimulator.Build.0 = Release|Any CPU
		{031EDA65-2CEE-40BE-BE13-5DA7124702C0}.Release|x64.ActiveCfg = Release|Any CPU
		{031EDA65-2CEE-40BE-BE13-5DA7124702C0}.Release|x64.Build.0 = Release|Any CPU
		{031EDA65-2CEE-40BE-BE13-5DA7124702C0}.Release|x86.ActiveCfg = Release|Any CPU
		{031EDA65-2CEE-40BE-BE13-5DA7124702C0}.Release|x86.Build.0 = Release|Any CPU
		{94FE0A11-D710-409E-AF37-31520866C399}.Ad-Hoc|Any CPU.ActiveCfg = Debug|Any CPU
		{94FE0A11-D710-409E-AF37-31520866C399}.Ad-Hoc|Any CPU.Build.0 = Debug|Any CPU
		{94FE0A11-D710-409E-AF37-31520866C399}.Ad-Hoc|ARM.ActiveCfg = Debug|Any CPU
		{94FE0A11-D710-409E-AF37-31520866C399}.Ad-Hoc|ARM.Build.0 = Debug|Any CPU
		{94FE0A11-D710-409E-AF37-31520866C399}.Ad-Hoc|iPhone.ActiveCfg = Debug|Any CPU
		{94FE0A11-D710-409E-AF37-31520866C399}.Ad-Hoc|iPhone.Build.0 = Debug|Any CPU
		{94FE0A11-D710-409E-AF37-31520866C399}.Ad-Hoc|iPhoneSimulator.ActiveCfg = Debug|Any CPU
		{94FE0A11-D710-409E-AF37-31520866C399}.Ad-Hoc|iPhoneSimulator.Build.0 = Debug|Any CPU
		{94FE0A11-D710-409E-AF37-31520866C399}.Ad-Hoc|x64.ActiveCfg = Debug|Any CPU
		{94FE0A11-D710-409E-AF37-31520866C399}.Ad-Hoc|x64.Build.0 = Debug|Any CPU
		{94FE0A11-D710-409E-AF37-31520866C399}.Ad-Hoc|x86.ActiveCfg = Debug|Any CPU
		{94FE0A11-D710-409E-AF37-31520866C399}.Ad-Hoc|x86.Build.0 = Debug|Any CPU
		{94FE0A11-D710-409E-AF37-31520866C399}.AppStore|Any CPU.ActiveCfg = Debug|Any CPU
		{94FE0A11-D710-409E-AF37-31520866C399}.AppStore|Any CPU.Build.0 = Debug|Any CPU
		{94FE0A11-D710-409E-AF37-31520866C399}.AppStore|ARM.ActiveCfg = Debug|Any CPU
		{94FE0A11-D710-409E-AF37-31520866C399}.AppStore|ARM.Build.0 = Debug|Any CPU
		{94FE0A11-D710-409E-AF37-31520866C399}.AppStore|iPhone.ActiveCfg = Debug|Any CPU
		{94FE0A11-D710-409E-AF37-31520866C399}.AppStore|iPhone.Build.0 = Debug|Any CPU
		{94FE0A11-D710-409E-AF37-31520866C399}.AppStore|iPhoneSimulator.ActiveCfg = Debug|Any CPU
		{94FE0A11-D710-409E-AF37-31520866C399}.AppStore|iPhoneSimulator.Build.0 = Debug|Any CPU
		{94FE0A11-D710-409E-AF37-31520866C399}.AppStore|x64.ActiveCfg = Debug|Any CPU
		{94FE0A11-D710-409E-AF37-31520866C399}.AppStore|x64.Build.0 = Debug|Any CPU
		{94FE0A11-D710-409E-AF37-31520866C399}.AppStore|x86.ActiveCfg = Debug|Any CPU
		{94FE0A11-D710-409E-AF37-31520866C399}.AppStore|x86.Build.0 = Debug|Any CPU
		{94FE0A11-D710-409E-AF37-31520866C399}.Debug|Any CPU.ActiveCfg = Debug|Any CPU
		{94FE0A11-D710-409E-AF37-31520866C399}.Debug|Any CPU.Build.0 = Debug|Any CPU
		{94FE0A11-D710-409E-AF37-31520866C399}.Debug|ARM.ActiveCfg = Debug|Any CPU
		{94FE0A11-D710-409E-AF37-31520866C399}.Debug|ARM.Build.0 = Debug|Any CPU
		{94FE0A11-D710-409E-AF37-31520866C399}.Debug|iPhone.ActiveCfg = Debug|Any CPU
		{94FE0A11-D710-409E-AF37-31520866C399}.Debug|iPhone.Build.0 = Debug|Any CPU
		{94FE0A11-D710-409E-AF37-31520866C399}.Debug|iPhoneSimulator.ActiveCfg = Debug|Any CPU
		{94FE0A11-D710-409E-AF37-31520866C399}.Debug|iPhoneSimulator.Build.0 = Debug|Any CPU
		{94FE0A11-D710-409E-AF37-31520866C399}.Debug|x64.ActiveCfg = Debug|Any CPU
		{94FE0A11-D710-409E-AF37-31520866C399}.Debug|x64.Build.0 = Debug|Any CPU
		{94FE0A11-D710-409E-AF37-31520866C399}.Debug|x86.ActiveCfg = Debug|Any CPU
		{94FE0A11-D710-409E-AF37-31520866C399}.Debug|x86.Build.0 = Debug|Any CPU
		{94FE0A11-D710-409E-AF37-31520866C399}.Release|Any CPU.ActiveCfg = Release|Any CPU
		{94FE0A11-D710-409E-AF37-31520866C399}.Release|Any CPU.Build.0 = Release|Any CPU
		{94FE0A11-D710-409E-AF37-31520866C399}.Release|ARM.ActiveCfg = Release|Any CPU
		{94FE0A11-D710-409E-AF37-31520866C399}.Release|ARM.Build.0 = Release|Any CPU
		{94FE0A11-D710-409E-AF37-31520866C399}.Release|iPhone.ActiveCfg = Release|Any CPU
		{94FE0A11-D710-409E-AF37-31520866C399}.Release|iPhone.Build.0 = Release|Any CPU
		{94FE0A11-D710-409E-AF37-31520866C399}.Release|iPhoneSimulator.ActiveCfg = Release|Any CPU
		{94FE0A11-D710-409E-AF37-31520866C399}.Release|iPhoneSimulator.Build.0 = Release|Any CPU
		{94FE0A11-D710-409E-AF37-31520866C399}.Release|x64.ActiveCfg = Release|Any CPU
		{94FE0A11-D710-409E-AF37-31520866C399}.Release|x64.Build.0 = Release|Any CPU
		{94FE0A11-D710-409E-AF37-31520866C399}.Release|x86.ActiveCfg = Release|Any CPU
		{94FE0A11-D710-409E-AF37-31520866C399}.Release|x86.Build.0 = Release|Any CPU
		{B1EA24C8-A120-4112-A52E-0DFF5CAFB910}.Ad-Hoc|Any CPU.ActiveCfg = Debug|Any CPU
		{B1EA24C8-A120-4112-A52E-0DFF5CAFB910}.Ad-Hoc|Any CPU.Build.0 = Debug|Any CPU
		{B1EA24C8-A120-4112-A52E-0DFF5CAFB910}.Ad-Hoc|ARM.ActiveCfg = Debug|Any CPU
		{B1EA24C8-A120-4112-A52E-0DFF5CAFB910}.Ad-Hoc|ARM.Build.0 = Debug|Any CPU
		{B1EA24C8-A120-4112-A52E-0DFF5CAFB910}.Ad-Hoc|iPhone.ActiveCfg = Debug|Any CPU
		{B1EA24C8-A120-4112-A52E-0DFF5CAFB910}.Ad-Hoc|iPhone.Build.0 = Debug|Any CPU
		{B1EA24C8-A120-4112-A52E-0DFF5CAFB910}.Ad-Hoc|iPhoneSimulator.ActiveCfg = Debug|Any CPU
		{B1EA24C8-A120-4112-A52E-0DFF5CAFB910}.Ad-Hoc|iPhoneSimulator.Build.0 = Debug|Any CPU
		{B1EA24C8-A120-4112-A52E-0DFF5CAFB910}.Ad-Hoc|x64.ActiveCfg = Debug|Any CPU
		{B1EA24C8-A120-4112-A52E-0DFF5CAFB910}.Ad-Hoc|x64.Build.0 = Debug|Any CPU
		{B1EA24C8-A120-4112-A52E-0DFF5CAFB910}.Ad-Hoc|x86.ActiveCfg = Debug|Any CPU
		{B1EA24C8-A120-4112-A52E-0DFF5CAFB910}.Ad-Hoc|x86.Build.0 = Debug|Any CPU
		{B1EA24C8-A120-4112-A52E-0DFF5CAFB910}.AppStore|Any CPU.ActiveCfg = Debug|Any CPU
		{B1EA24C8-A120-4112-A52E-0DFF5CAFB910}.AppStore|Any CPU.Build.0 = Debug|Any CPU
		{B1EA24C8-A120-4112-A52E-0DFF5CAFB910}.AppStore|ARM.ActiveCfg = Debug|Any CPU
		{B1EA24C8-A120-4112-A52E-0DFF5CAFB910}.AppStore|ARM.Build.0 = Debug|Any CPU
		{B1EA24C8-A120-4112-A52E-0DFF5CAFB910}.AppStore|iPhone.ActiveCfg = Debug|Any CPU
		{B1EA24C8-A120-4112-A52E-0DFF5CAFB910}.AppStore|iPhone.Build.0 = Debug|Any CPU
		{B1EA24C8-A120-4112-A52E-0DFF5CAFB910}.AppStore|iPhoneSimulator.ActiveCfg = Debug|Any CPU
		{B1EA24C8-A120-4112-A52E-0DFF5CAFB910}.AppStore|iPhoneSimulator.Build.0 = Debug|Any CPU
		{B1EA24C8-A120-4112-A52E-0DFF5CAFB910}.AppStore|x64.ActiveCfg = Debug|Any CPU
		{B1EA24C8-A120-4112-A52E-0DFF5CAFB910}.AppStore|x64.Build.0 = Debug|Any CPU
		{B1EA24C8-A120-4112-A52E-0DFF5CAFB910}.AppStore|x86.ActiveCfg = Debug|Any CPU
		{B1EA24C8-A120-4112-A52E-0DFF5CAFB910}.AppStore|x86.Build.0 = Debug|Any CPU
		{B1EA24C8-A120-4112-A52E-0DFF5CAFB910}.Debug|Any CPU.ActiveCfg = Debug|Any CPU
		{B1EA24C8-A120-4112-A52E-0DFF5CAFB910}.Debug|Any CPU.Build.0 = Debug|Any CPU
		{B1EA24C8-A120-4112-A52E-0DFF5CAFB910}.Debug|ARM.ActiveCfg = Debug|Any CPU
		{B1EA24C8-A120-4112-A52E-0DFF5CAFB910}.Debug|ARM.Build.0 = Debug|Any CPU
		{B1EA24C8-A120-4112-A52E-0DFF5CAFB910}.Debug|iPhone.ActiveCfg = Debug|Any CPU
		{B1EA24C8-A120-4112-A52E-0DFF5CAFB910}.Debug|iPhone.Build.0 = Debug|Any CPU
		{B1EA24C8-A120-4112-A52E-0DFF5CAFB910}.Debug|iPhoneSimulator.ActiveCfg = Debug|Any CPU
		{B1EA24C8-A120-4112-A52E-0DFF5CAFB910}.Debug|iPhoneSimulator.Build.0 = Debug|Any CPU
		{B1EA24C8-A120-4112-A52E-0DFF5CAFB910}.Debug|x64.ActiveCfg = Debug|Any CPU
		{B1EA24C8-A120-4112-A52E-0DFF5CAFB910}.Debug|x64.Build.0 = Debug|Any CPU
		{B1EA24C8-A120-4112-A52E-0DFF5CAFB910}.Debug|x86.ActiveCfg = Debug|Any CPU
		{B1EA24C8-A120-4112-A52E-0DFF5CAFB910}.Debug|x86.Build.0 = Debug|Any CPU
		{B1EA24C8-A120-4112-A52E-0DFF5CAFB910}.Release|Any CPU.ActiveCfg = Release|Any CPU
		{B1EA24C8-A120-4112-A52E-0DFF5CAFB910}.Release|Any CPU.Build.0 = Release|Any CPU
		{B1EA24C8-A120-4112-A52E-0DFF5CAFB910}.Release|ARM.ActiveCfg = Release|Any CPU
		{B1EA24C8-A120-4112-A52E-0DFF5CAFB910}.Release|ARM.Build.0 = Release|Any CPU
		{B1EA24C8-A120-4112-A52E-0DFF5CAFB910}.Release|iPhone.ActiveCfg = Release|Any CPU
		{B1EA24C8-A120-4112-A52E-0DFF5CAFB910}.Release|iPhone.Build.0 = Release|Any CPU
		{B1EA24C8-A120-4112-A52E-0DFF5CAFB910}.Release|iPhoneSimulator.ActiveCfg = Release|Any CPU
		{B1EA24C8-A120-4112-A52E-0DFF5CAFB910}.Release|iPhoneSimulator.Build.0 = Release|Any CPU
		{B1EA24C8-A120-4112-A52E-0DFF5CAFB910}.Release|x64.ActiveCfg = Release|Any CPU
		{B1EA24C8-A120-4112-A52E-0DFF5CAFB910}.Release|x64.Build.0 = Release|Any CPU
		{B1EA24C8-A120-4112-A52E-0DFF5CAFB910}.Release|x86.ActiveCfg = Release|Any CPU
		{B1EA24C8-A120-4112-A52E-0DFF5CAFB910}.Release|x86.Build.0 = Release|Any CPU
		{2B471C20-AB1E-491A-B180-2BFB20AC4E7D}.Ad-Hoc|Any CPU.ActiveCfg = Debug|Any CPU
		{2B471C20-AB1E-491A-B180-2BFB20AC4E7D}.Ad-Hoc|Any CPU.Build.0 = Debug|Any CPU
		{2B471C20-AB1E-491A-B180-2BFB20AC4E7D}.Ad-Hoc|ARM.ActiveCfg = Debug|Any CPU
		{2B471C20-AB1E-491A-B180-2BFB20AC4E7D}.Ad-Hoc|ARM.Build.0 = Debug|Any CPU
		{2B471C20-AB1E-491A-B180-2BFB20AC4E7D}.Ad-Hoc|iPhone.ActiveCfg = Debug|Any CPU
		{2B471C20-AB1E-491A-B180-2BFB20AC4E7D}.Ad-Hoc|iPhone.Build.0 = Debug|Any CPU
		{2B471C20-AB1E-491A-B180-2BFB20AC4E7D}.Ad-Hoc|iPhoneSimulator.ActiveCfg = Debug|Any CPU
		{2B471C20-AB1E-491A-B180-2BFB20AC4E7D}.Ad-Hoc|iPhoneSimulator.Build.0 = Debug|Any CPU
		{2B471C20-AB1E-491A-B180-2BFB20AC4E7D}.Ad-Hoc|x64.ActiveCfg = Debug|Any CPU
		{2B471C20-AB1E-491A-B180-2BFB20AC4E7D}.Ad-Hoc|x64.Build.0 = Debug|Any CPU
		{2B471C20-AB1E-491A-B180-2BFB20AC4E7D}.Ad-Hoc|x86.ActiveCfg = Debug|Any CPU
		{2B471C20-AB1E-491A-B180-2BFB20AC4E7D}.Ad-Hoc|x86.Build.0 = Debug|Any CPU
		{2B471C20-AB1E-491A-B180-2BFB20AC4E7D}.AppStore|Any CPU.ActiveCfg = Debug|Any CPU
		{2B471C20-AB1E-491A-B180-2BFB20AC4E7D}.AppStore|Any CPU.Build.0 = Debug|Any CPU
		{2B471C20-AB1E-491A-B180-2BFB20AC4E7D}.AppStore|ARM.ActiveCfg = Debug|Any CPU
		{2B471C20-AB1E-491A-B180-2BFB20AC4E7D}.AppStore|ARM.Build.0 = Debug|Any CPU
		{2B471C20-AB1E-491A-B180-2BFB20AC4E7D}.AppStore|iPhone.ActiveCfg = Debug|Any CPU
		{2B471C20-AB1E-491A-B180-2BFB20AC4E7D}.AppStore|iPhone.Build.0 = Debug|Any CPU
		{2B471C20-AB1E-491A-B180-2BFB20AC4E7D}.AppStore|iPhoneSimulator.ActiveCfg = Debug|Any CPU
		{2B471C20-AB1E-491A-B180-2BFB20AC4E7D}.AppStore|iPhoneSimulator.Build.0 = Debug|Any CPU
		{2B471C20-AB1E-491A-B180-2BFB20AC4E7D}.AppStore|x64.ActiveCfg = Debug|Any CPU
		{2B471C20-AB1E-491A-B180-2BFB20AC4E7D}.AppStore|x64.Build.0 = Debug|Any CPU
		{2B471C20-AB1E-491A-B180-2BFB20AC4E7D}.AppStore|x86.ActiveCfg = Debug|Any CPU
		{2B471C20-AB1E-491A-B180-2BFB20AC4E7D}.AppStore|x86.Build.0 = Debug|Any CPU
		{2B471C20-AB1E-491A-B180-2BFB20AC4E7D}.Debug|Any CPU.ActiveCfg = Debug|Any CPU
		{2B471C20-AB1E-491A-B180-2BFB20AC4E7D}.Debug|Any CPU.Build.0 = Debug|Any CPU
		{2B471C20-AB1E-491A-B180-2BFB20AC4E7D}.Debug|ARM.ActiveCfg = Debug|Any CPU
		{2B471C20-AB1E-491A-B180-2BFB20AC4E7D}.Debug|ARM.Build.0 = Debug|Any CPU
		{2B471C20-AB1E-491A-B180-2BFB20AC4E7D}.Debug|iPhone.ActiveCfg = Debug|Any CPU
		{2B471C20-AB1E-491A-B180-2BFB20AC4E7D}.Debug|iPhone.Build.0 = Debug|Any CPU
		{2B471C20-AB1E-491A-B180-2BFB20AC4E7D}.Debug|iPhoneSimulator.ActiveCfg = Debug|Any CPU
		{2B471C20-AB1E-491A-B180-2BFB20AC4E7D}.Debug|iPhoneSimulator.Build.0 = Debug|Any CPU
		{2B471C20-AB1E-491A-B180-2BFB20AC4E7D}.Debug|x64.ActiveCfg = Debug|Any CPU
		{2B471C20-AB1E-491A-B180-2BFB20AC4E7D}.Debug|x64.Build.0 = Debug|Any CPU
		{2B471C20-AB1E-491A-B180-2BFB20AC4E7D}.Debug|x86.ActiveCfg = Debug|Any CPU
		{2B471C20-AB1E-491A-B180-2BFB20AC4E7D}.Debug|x86.Build.0 = Debug|Any CPU
		{2B471C20-AB1E-491A-B180-2BFB20AC4E7D}.Release|Any CPU.ActiveCfg = Release|Any CPU
		{2B471C20-AB1E-491A-B180-2BFB20AC4E7D}.Release|Any CPU.Build.0 = Release|Any CPU
		{2B471C20-AB1E-491A-B180-2BFB20AC4E7D}.Release|ARM.ActiveCfg = Release|Any CPU
		{2B471C20-AB1E-491A-B180-2BFB20AC4E7D}.Release|ARM.Build.0 = Release|Any CPU
		{2B471C20-AB1E-491A-B180-2BFB20AC4E7D}.Release|iPhone.ActiveCfg = Release|Any CPU
		{2B471C20-AB1E-491A-B180-2BFB20AC4E7D}.Release|iPhone.Build.0 = Release|Any CPU
		{2B471C20-AB1E-491A-B180-2BFB20AC4E7D}.Release|iPhoneSimulator.ActiveCfg = Release|Any CPU
		{2B471C20-AB1E-491A-B180-2BFB20AC4E7D}.Release|iPhoneSimulator.Build.0 = Release|Any CPU
		{2B471C20-AB1E-491A-B180-2BFB20AC4E7D}.Release|x64.ActiveCfg = Release|Any CPU
		{2B471C20-AB1E-491A-B180-2BFB20AC4E7D}.Release|x64.Build.0 = Release|Any CPU
		{2B471C20-AB1E-491A-B180-2BFB20AC4E7D}.Release|x86.ActiveCfg = Release|Any CPU
		{2B471C20-AB1E-491A-B180-2BFB20AC4E7D}.Release|x86.Build.0 = Release|Any CPU
	EndGlobalSection
	GlobalSection(SolutionProperties) = preSolution
		HideSolutionNode = FALSE
	EndGlobalSection
	GlobalSection(NestedProjects) = preSolution
		{C68631D2-5C3D-4DB3-BE34-DDDFD3D59D07} = {249CEBEC-A410-4FFE-ADB8-9AAD9DE9648C}
		{AA672D6A-7337-49D0-8615-B39524E00156} = {249CEBEC-A410-4FFE-ADB8-9AAD9DE9648C}
		{9699A97D-47FC-48C0-BE08-E5DE8AFAE915} = {249CEBEC-A410-4FFE-ADB8-9AAD9DE9648C}
		{EEB75CBF-7EDB-4DBD-B5FC-B088F2C24F65} = {C68631D2-5C3D-4DB3-BE34-DDDFD3D59D07}
		{547BF50D-224A-47CD-912E-54570979CBAB} = {AA672D6A-7337-49D0-8615-B39524E00156}
		{FFBFDF32-2A9A-4341-8677-79223A7DC946} = {AA672D6A-7337-49D0-8615-B39524E00156}
		{B640BEC8-E364-4680-B903-8ABF4761088F} = {9699A97D-47FC-48C0-BE08-E5DE8AFAE915}
		{75E16F27-62C5-48E1-B3E8-F6833E7857CD} = {9699A97D-47FC-48C0-BE08-E5DE8AFAE915}
		{1A202E33-0220-4EC0-BA40-289B01CE2FB3} = {9699A97D-47FC-48C0-BE08-E5DE8AFAE915}
		{CF60E224-D56F-4F5A-908A-07BEAE6EDD66} = {C2CE8D31-BD89-4BD3-9A8C-E5B44A280853}
		{09AEEEE4-0C8B-4847-8A72-5FACC4C8A7BC} = {C2CE8D31-BD89-4BD3-9A8C-E5B44A280853}
		{22FB6C4C-F728-4295-BAF2-99BEA91965DF} = {C2CE8D31-BD89-4BD3-9A8C-E5B44A280853}
		{031EDA65-2CEE-40BE-BE13-5DA7124702C0} = {C2CE8D31-BD89-4BD3-9A8C-E5B44A280853}
		{C2CE8D31-BD89-4BD3-9A8C-E5B44A280853} = {9699A97D-47FC-48C0-BE08-E5DE8AFAE915}
		{94FE0A11-D710-409E-AF37-31520866C399} = {C68631D2-5C3D-4DB3-BE34-DDDFD3D59D07}
		{B1EA24C8-A120-4112-A52E-0DFF5CAFB910} = {87699494-41BF-487A-A6EC-8D6E30DB0D19}
		{2B471C20-AB1E-491A-B180-2BFB20AC4E7D} = {9699A97D-47FC-48C0-BE08-E5DE8AFAE915}
	EndGlobalSection
	GlobalSection(ExtensibilityGlobals) = postSolution
		SolutionGuid = {C430EF2C-6FCB-4EF9-8898-D447AAEA3E31}
	EndGlobalSection
EndGlobal
